// !$*UTF8*$!
{
	archiveVersion = 1;
	classes = {
	};
	objectVersion = 46;
	objects = {

/* Begin PBXBuildFile section */
		5F039FA01DC61FFB00AC45C8 /* LifetimeComponent.swift in Sources */ = {isa = PBXBuildFile; fileRef = 5F039F9F1DC61FFB00AC45C8 /* LifetimeComponent.swift */; };
		5F039FA41DC6227200AC45C8 /* EffectsFabric.swift in Sources */ = {isa = PBXBuildFile; fileRef = 5F039FA31DC6227200AC45C8 /* EffectsFabric.swift */; };
		5F039FA61DC6284400AC45C8 /* Effects.atlas in Resources */ = {isa = PBXBuildFile; fileRef = 5F039FA51DC6284400AC45C8 /* Effects.atlas */; };
		5F039FB31DC6481100AC45C8 /* SoundsFabric.swift in Sources */ = {isa = PBXBuildFile; fileRef = 5F039FB21DC6481100AC45C8 /* SoundsFabric.swift */; };
		5F082FEF1D60D8B400DE34DC /* TileMap.swift in Sources */ = {isa = PBXBuildFile; fileRef = 5F082FEE1D60D8B400DE34DC /* TileMap.swift */; };
		5F082FF11D60DE3700DE34DC /* PlanetLevel.swift in Sources */ = {isa = PBXBuildFile; fileRef = 5F082FF01D60DE3700DE34DC /* PlanetLevel.swift */; };
		5F0F8B861E476A1F001EF757 /* PlanetarySystem.swift in Sources */ = {isa = PBXBuildFile; fileRef = 5F0F8B851E476A1F001EF757 /* PlanetarySystem.swift */; };
		5F0F8B881E476E5B001EF757 /* PlanetarySystemData.swift in Sources */ = {isa = PBXBuildFile; fileRef = 5F0F8B871E476E5B001EF757 /* PlanetarySystemData.swift */; };
		5F0F8B8A1E477C20001EF757 /* StarSystemFactory.swift in Sources */ = {isa = PBXBuildFile; fileRef = 5F0F8B891E477C20001EF757 /* StarSystemFactory.swift */; };
		5F0F8B8C1E4784D6001EF757 /* SpaceLevel.swift in Sources */ = {isa = PBXBuildFile; fileRef = 5F0F8B8B1E4784D6001EF757 /* SpaceLevel.swift */; };
		5F0F8B8E1E47A7F6001EF757 /* Space.atlas in Resources */ = {isa = PBXBuildFile; fileRef = 5F0F8B8D1E47A7F6001EF757 /* Space.atlas */; };
		5F0F8B901E48ECE2001EF757 /* HUDMapNode.swift in Sources */ = {isa = PBXBuildFile; fileRef = 5F0F8B8F1E48ECE2001EF757 /* HUDMapNode.swift */; };
		5F115F491F6D3411004509D0 /* Router.swift in Sources */ = {isa = PBXBuildFile; fileRef = 5F115F481F6D3411004509D0 /* Router.swift */; };
		5F115F4F1F6D378C004509D0 /* LandScene.swift in Sources */ = {isa = PBXBuildFile; fileRef = 5F115F4E1F6D378C004509D0 /* LandScene.swift */; };
		5F115F511F6D37A2004509D0 /* OutfitScene.swift in Sources */ = {isa = PBXBuildFile; fileRef = 5F115F501F6D37A2004509D0 /* OutfitScene.swift */; };
		5F2B51E91D6F71BC00AF62A1 /* InputSystem.swift in Sources */ = {isa = PBXBuildFile; fileRef = 5F2B51E81D6F71BC00AF62A1 /* InputSystem.swift */; };
		5F2F9F3B1D7328380016AA2F /* AISystem.swift in Sources */ = {isa = PBXBuildFile; fileRef = 5F2F9F3A1D7328380016AA2F /* AISystem.swift */; };
		5F2F9F3D1D7331E60016AA2F /* Math.swift in Sources */ = {isa = PBXBuildFile; fileRef = 5F2F9F3C1D7331E60016AA2F /* Math.swift */; };
		5F2F9F3F1D7333C40016AA2F /* CameraSystem.swift in Sources */ = {isa = PBXBuildFile; fileRef = 5F2F9F3E1D7333C40016AA2F /* CameraSystem.swift */; };
		5F428C7F1D6886160075FA6B /* HPComponent.swift in Sources */ = {isa = PBXBuildFile; fileRef = 5F428C7E1D6886160075FA6B /* HPComponent.swift */; };
		5F428C811D688DB00075FA6B /* AIComponents.swift in Sources */ = {isa = PBXBuildFile; fileRef = 5F428C801D688DB00075FA6B /* AIComponents.swift */; };
		5F428C851D68A4EC0075FA6B /* UnitFactory.swift in Sources */ = {isa = PBXBuildFile; fileRef = 5F428C841D68A4EC0075FA6B /* UnitFactory.swift */; };
		5F428C871D68B2D30075FA6B /* SpriteFactory.swift in Sources */ = {isa = PBXBuildFile; fileRef = 5F428C861D68B2D30075FA6B /* SpriteFactory.swift */; };
		5F428C8B1D68EC6C0075FA6B /* LevelSystem.swift in Sources */ = {isa = PBXBuildFile; fileRef = 5F428C8A1D68EC6C0075FA6B /* LevelSystem.swift */; };
		5F428C8D1D69039C0075FA6B /* World.swift in Sources */ = {isa = PBXBuildFile; fileRef = 5F428C8C1D69039C0075FA6B /* World.swift */; };
		5F428C901D6909EE0075FA6B /* InputController.swift in Sources */ = {isa = PBXBuildFile; fileRef = 5F428C8F1D6909EE0075FA6B /* InputController.swift */; };
		5F428C981D690A250075FA6B /* Controller-Database.plist in Resources */ = {isa = PBXBuildFile; fileRef = 5F428C921D690A250075FA6B /* Controller-Database.plist */; };
		5F428C991D690A250075FA6B /* DeviceAction.swift in Sources */ = {isa = PBXBuildFile; fileRef = 5F428C931D690A250075FA6B /* DeviceAction.swift */; };
		5F428C9A1D690A250075FA6B /* DeviceConfiguration.swift in Sources */ = {isa = PBXBuildFile; fileRef = 5F428C941D690A250075FA6B /* DeviceConfiguration.swift */; };
		5F428C9B1D690A250075FA6B /* DSExtensions.swift in Sources */ = {isa = PBXBuildFile; fileRef = 5F428C951D690A250075FA6B /* DSExtensions.swift */; };
		5F428C9C1D690A250075FA6B /* EventsController.swift in Sources */ = {isa = PBXBuildFile; fileRef = 5F428C961D690A250075FA6B /* EventsController.swift */; };
		5F428C9D1D690A250075FA6B /* HIDController.swift in Sources */ = {isa = PBXBuildFile; fileRef = 5F428C971D690A250075FA6B /* HIDController.swift */; };
		5F428CA21D690C4F0075FA6B /* OpenEmuBase.framework in Frameworks */ = {isa = PBXBuildFile; fileRef = 5F428C9E1D690C4F0075FA6B /* OpenEmuBase.framework */; };
		5F428CA41D690C4F0075FA6B /* OpenEmuSystem.framework in Frameworks */ = {isa = PBXBuildFile; fileRef = 5F428CA01D690C4F0075FA6B /* OpenEmuSystem.framework */; };
		5F428CA81D690C6E0075FA6B /* OpenEmuBase.framework in CopyFiles */ = {isa = PBXBuildFile; fileRef = 5F428C9E1D690C4F0075FA6B /* OpenEmuBase.framework */; };
		5F428CA91D690C6E0075FA6B /* OpenEmuSystem.framework in CopyFiles */ = {isa = PBXBuildFile; fileRef = 5F428CA01D690C4F0075FA6B /* OpenEmuSystem.framework */; };
		5F440ACF1F6D52BC0036189E /* GameController.swift in Sources */ = {isa = PBXBuildFile; fileRef = 5F440ACE1F6D52BC0036189E /* GameController.swift */; };
		5F440AD11F6D54220036189E /* GameState.swift in Sources */ = {isa = PBXBuildFile; fileRef = 5F440AD01F6D54220036189E /* GameState.swift */; };
		5F4CCCA61DCE6D3500E3DB58 /* HUDSystem.swift in Sources */ = {isa = PBXBuildFile; fileRef = 5F4CCCA51DCE6D3500E3DB58 /* HUDSystem.swift */; };
		5F53F3BA1D6F83570077B2A0 /* PhysicsSystem.swift in Sources */ = {isa = PBXBuildFile; fileRef = 5F53F3B91D6F83570077B2A0 /* PhysicsSystem.swift */; };
		5F53F3BC1D6F94610077B2A0 /* PhysicsComponent.swift in Sources */ = {isa = PBXBuildFile; fileRef = 5F53F3BB1D6F94610077B2A0 /* PhysicsComponent.swift */; };
		5F5D31E51DC61E6300BC0969 /* LifetimeSystem.swift in Sources */ = {isa = PBXBuildFile; fileRef = 5F5D31E41DC61E6300BC0969 /* LifetimeSystem.swift */; };
		5F6EECAC1D775C120089A0AB /* WeaponSystem.swift in Sources */ = {isa = PBXBuildFile; fileRef = 5F6EECAB1D775C120089A0AB /* WeaponSystem.swift */; };
		5F6EECAE1D775E360089A0AB /* WeaponComponents.swift in Sources */ = {isa = PBXBuildFile; fileRef = 5F6EECAD1D775E360089A0AB /* WeaponComponents.swift */; };
		5F6EECB01D776CA10089A0AB /* ProjectileFactory.swift in Sources */ = {isa = PBXBuildFile; fileRef = 5F6EECAF1D776CA10089A0AB /* ProjectileFactory.swift */; };
		5F77832D1D7A04F50027FFED /* CollisionsSystem.swift in Sources */ = {isa = PBXBuildFile; fileRef = 5F77832C1D7A04F50027FFED /* CollisionsSystem.swift */; };
		5FCD334B1DD3B9F000815476 /* TargetSysyem.swift in Sources */ = {isa = PBXBuildFile; fileRef = 5FCD334A1DD3B9F000815476 /* TargetSysyem.swift */; };
		5FCE00911DD12F8B009DD942 /* HUD.atlas in Resources */ = {isa = PBXBuildFile; fileRef = 5FCE00901DD12F8B009DD942 /* HUD.atlas */; };
		5FD551061D7978AE0092A187 /* SpriteKitExtensions.swift in Sources */ = {isa = PBXBuildFile; fileRef = 5FD551051D7978AE0092A187 /* SpriteKitExtensions.swift */; };
		5FDF95CF1DBEA1DE009E11DA /* ProjectileSystem.swift in Sources */ = {isa = PBXBuildFile; fileRef = 5FDF95CE1DBEA1DE009E11DA /* ProjectileSystem.swift */; };
		5FE123981D5E398C00C41BAC /* Fx.framework in Frameworks */ = {isa = PBXBuildFile; fileRef = 5FE123971D5E398C00C41BAC /* Fx.framework */; };
		5FE124381D5FA4EC00C41BAC /* AppDelegate.swift in Sources */ = {isa = PBXBuildFile; fileRef = 5FE1241E1D5FA4EC00C41BAC /* AppDelegate.swift */; };
		5FE124391D5FA4EC00C41BAC /* MainMenu.xib in Resources */ = {isa = PBXBuildFile; fileRef = 5FE1241F1D5FA4EC00C41BAC /* MainMenu.xib */; };
		5FE1243B1D5FA4EC00C41BAC /* Assets.xcassets in Resources */ = {isa = PBXBuildFile; fileRef = 5FE124231D5FA4EC00C41BAC /* Assets.xcassets */; };
		5FE1243F1D5FA4EC00C41BAC /* SpriteComponent.swift in Sources */ = {isa = PBXBuildFile; fileRef = 5FE1242C1D5FA4EC00C41BAC /* SpriteComponent.swift */; };
		5FE124401D5FA4EC00C41BAC /* UnitComponents.swift in Sources */ = {isa = PBXBuildFile; fileRef = 5FE1242D1D5FA4EC00C41BAC /* UnitComponents.swift */; };
		5FE124411D5FA4ED00C41BAC /* InputComponents.swift in Sources */ = {isa = PBXBuildFile; fileRef = 5FE1242E1D5FA4EC00C41BAC /* InputComponents.swift */; };
		5FE124421D5FA4ED00C41BAC /* Engine.swift in Sources */ = {isa = PBXBuildFile; fileRef = 5FE1242F1D5FA4EC00C41BAC /* Engine.swift */; };
		5FE124431D5FA4ED00C41BAC /* SpriteSpawnSystem.swift in Sources */ = {isa = PBXBuildFile; fileRef = 5FE124311D5FA4EC00C41BAC /* SpriteSpawnSystem.swift */; };
		5FE124441D5FA4ED00C41BAC /* SpaceScene.sks in Resources */ = {isa = PBXBuildFile; fileRef = 5FE124331D5FA4EC00C41BAC /* SpaceScene.sks */; };
		5FE124451D5FA4ED00C41BAC /* SpaceScene.swift in Sources */ = {isa = PBXBuildFile; fileRef = 5FE124341D5FA4EC00C41BAC /* SpaceScene.swift */; };
		5FE124461D5FA4ED00C41BAC /* General.swift in Sources */ = {isa = PBXBuildFile; fileRef = 5FE124361D5FA4EC00C41BAC /* General.swift */; };
		5FE124501D5FA5CB00C41BAC /* Fx.framework in CopyFiles */ = {isa = PBXBuildFile; fileRef = 5FE123971D5E398C00C41BAC /* Fx.framework */; };
		5FE124541D5FA81700C41BAC /* DiamondSquare.swift in Sources */ = {isa = PBXBuildFile; fileRef = 5FE124531D5FA81700C41BAC /* DiamondSquare.swift */; };
		5FEF36611DC68A4F00B52FB9 /* LootSystem.swift in Sources */ = {isa = PBXBuildFile; fileRef = 5FEF36601DC68A4F00B52FB9 /* LootSystem.swift */; };
		5FEFFC401DCF89C300685419 /* DamageSystem.swift in Sources */ = {isa = PBXBuildFile; fileRef = 5FEFFC3F1DCF89C300685419 /* DamageSystem.swift */; };
		5FFF82E31DCC8636007EFAAD /* CrystalCollected.wav in Resources */ = {isa = PBXBuildFile; fileRef = 5FFF82E21DCC8636007EFAAD /* CrystalCollected.wav */; };
		5FFF82EA1DCC863D007EFAAD /* Boom0.wav in Resources */ = {isa = PBXBuildFile; fileRef = 5FFF82E61DCC863D007EFAAD /* Boom0.wav */; };
		5FFF82EB1DCC863D007EFAAD /* Boom1.wav in Resources */ = {isa = PBXBuildFile; fileRef = 5FFF82E71DCC863D007EFAAD /* Boom1.wav */; };
		5FFF82EC1DCC863D007EFAAD /* Boom2.wav in Resources */ = {isa = PBXBuildFile; fileRef = 5FFF82E81DCC863D007EFAAD /* Boom2.wav */; };
		5FFF82ED1DCC863D007EFAAD /* Cannon0.wav in Resources */ = {isa = PBXBuildFile; fileRef = 5FFF82E91DCC863D007EFAAD /* Cannon0.wav */; };
		5FFFB44E1DDD925300DAD69A /* HUDNode.swift in Sources */ = {isa = PBXBuildFile; fileRef = 5FFFB44D1DDD925300DAD69A /* HUDNode.swift */; };
		5FFFB4501DDD926000DAD69A /* HUDHPNode.swift in Sources */ = {isa = PBXBuildFile; fileRef = 5FFFB44F1DDD926000DAD69A /* HUDHPNode.swift */; };
		5FFFB4521DDD929500DAD69A /* HUDWeaponNode.swift in Sources */ = {isa = PBXBuildFile; fileRef = 5FFFB4511DDD929500DAD69A /* HUDWeaponNode.swift */; };
/* End PBXBuildFile section */

/* Begin PBXContainerItemProxy section */
		5FCEA7AB1DC2A09D005F72B0 /* PBXContainerItemProxy */ = {
			isa = PBXContainerItemProxy;
			containerPortal = 5FCEA7A51DC2A09D005F72B0 /* PowerCore.xcodeproj */;
			proxyType = 2;
			remoteGlobalIDString = 5FE123A81D5F3AEB00C41BAC;
			remoteInfo = PowerCore_macOS;
		};
		5FCEA7AD1DC2A09D005F72B0 /* PBXContainerItemProxy */ = {
			isa = PBXContainerItemProxy;
			containerPortal = 5FCEA7A51DC2A09D005F72B0 /* PowerCore.xcodeproj */;
			proxyType = 2;
			remoteGlobalIDString = 5FE123B91D5F3BAC00C41BAC;
			remoteInfo = PowerCore_iOS;
		};
		5FCEA7AF1DC2A09D005F72B0 /* PBXContainerItemProxy */ = {
			isa = PBXContainerItemProxy;
			containerPortal = 5FCEA7A51DC2A09D005F72B0 /* PowerCore.xcodeproj */;
			proxyType = 2;
			remoteGlobalIDString = 5FE123D11D5F3C0100C41BAC;
			remoteInfo = PowerCore_tvOS;
		};
		5FCEA7B71DC2A199005F72B0 /* PBXContainerItemProxy */ = {
			isa = PBXContainerItemProxy;
			containerPortal = 5FCEA7A51DC2A09D005F72B0 /* PowerCore.xcodeproj */;
			proxyType = 1;
			remoteGlobalIDString = 5FE123A71D5F3AEB00C41BAC;
			remoteInfo = PowerCore_macOS;
		};
/* End PBXContainerItemProxy section */

/* Begin PBXCopyFilesBuildPhase section */
		5FE123991D5E3AAE00C41BAC /* CopyFiles */ = {
			isa = PBXCopyFilesBuildPhase;
			buildActionMask = 12;
			dstPath = "";
			dstSubfolderSpec = 16;
			files = (
				5F428CA81D690C6E0075FA6B /* OpenEmuBase.framework in CopyFiles */,
				5F428CA91D690C6E0075FA6B /* OpenEmuSystem.framework in CopyFiles */,
				5FE124501D5FA5CB00C41BAC /* Fx.framework in CopyFiles */,
			);
			runOnlyForDeploymentPostprocessing = 0;
		};
/* End PBXCopyFilesBuildPhase section */

/* Begin PBXFileReference section */
		5F039F9F1DC61FFB00AC45C8 /* LifetimeComponent.swift */ = {isa = PBXFileReference; fileEncoding = 4; lastKnownFileType = sourcecode.swift; path = LifetimeComponent.swift; sourceTree = "<group>"; };
		5F039FA31DC6227200AC45C8 /* EffectsFabric.swift */ = {isa = PBXFileReference; fileEncoding = 4; lastKnownFileType = sourcecode.swift; path = EffectsFabric.swift; sourceTree = "<group>"; };
		5F039FA51DC6284400AC45C8 /* Effects.atlas */ = {isa = PBXFileReference; lastKnownFileType = folder.skatlas; path = Effects.atlas; sourceTree = "<group>"; };
		5F039FB21DC6481100AC45C8 /* SoundsFabric.swift */ = {isa = PBXFileReference; fileEncoding = 4; lastKnownFileType = sourcecode.swift; path = SoundsFabric.swift; sourceTree = "<group>"; };
		5F082FEE1D60D8B400DE34DC /* TileMap.swift */ = {isa = PBXFileReference; fileEncoding = 4; lastKnownFileType = sourcecode.swift; path = TileMap.swift; sourceTree = "<group>"; };
		5F082FF01D60DE3700DE34DC /* PlanetLevel.swift */ = {isa = PBXFileReference; fileEncoding = 4; lastKnownFileType = sourcecode.swift; path = PlanetLevel.swift; sourceTree = "<group>"; };
		5F0F8B851E476A1F001EF757 /* PlanetarySystem.swift */ = {isa = PBXFileReference; fileEncoding = 4; lastKnownFileType = sourcecode.swift; path = PlanetarySystem.swift; sourceTree = "<group>"; };
		5F0F8B871E476E5B001EF757 /* PlanetarySystemData.swift */ = {isa = PBXFileReference; fileEncoding = 4; lastKnownFileType = sourcecode.swift; path = PlanetarySystemData.swift; sourceTree = "<group>"; };
		5F0F8B891E477C20001EF757 /* StarSystemFactory.swift */ = {isa = PBXFileReference; fileEncoding = 4; lastKnownFileType = sourcecode.swift; path = StarSystemFactory.swift; sourceTree = "<group>"; };
		5F0F8B8B1E4784D6001EF757 /* SpaceLevel.swift */ = {isa = PBXFileReference; fileEncoding = 4; lastKnownFileType = sourcecode.swift; path = SpaceLevel.swift; sourceTree = "<group>"; };
		5F0F8B8D1E47A7F6001EF757 /* Space.atlas */ = {isa = PBXFileReference; lastKnownFileType = folder.skatlas; path = Space.atlas; sourceTree = "<group>"; };
		5F0F8B8F1E48ECE2001EF757 /* HUDMapNode.swift */ = {isa = PBXFileReference; fileEncoding = 4; lastKnownFileType = sourcecode.swift; path = HUDMapNode.swift; sourceTree = "<group>"; };
		5F115F481F6D3411004509D0 /* Router.swift */ = {isa = PBXFileReference; lastKnownFileType = sourcecode.swift; path = Router.swift; sourceTree = "<group>"; };
		5F115F4E1F6D378C004509D0 /* LandScene.swift */ = {isa = PBXFileReference; lastKnownFileType = sourcecode.swift; path = LandScene.swift; sourceTree = "<group>"; };
		5F115F501F6D37A2004509D0 /* OutfitScene.swift */ = {isa = PBXFileReference; lastKnownFileType = sourcecode.swift; path = OutfitScene.swift; sourceTree = "<group>"; };
		5F2B51E81D6F71BC00AF62A1 /* InputSystem.swift */ = {isa = PBXFileReference; fileEncoding = 4; lastKnownFileType = sourcecode.swift; path = InputSystem.swift; sourceTree = "<group>"; };
		5F2F9F3A1D7328380016AA2F /* AISystem.swift */ = {isa = PBXFileReference; fileEncoding = 4; lastKnownFileType = sourcecode.swift; path = AISystem.swift; sourceTree = "<group>"; };
		5F2F9F3C1D7331E60016AA2F /* Math.swift */ = {isa = PBXFileReference; fileEncoding = 4; lastKnownFileType = sourcecode.swift; path = Math.swift; sourceTree = "<group>"; };
		5F2F9F3E1D7333C40016AA2F /* CameraSystem.swift */ = {isa = PBXFileReference; fileEncoding = 4; lastKnownFileType = sourcecode.swift; path = CameraSystem.swift; sourceTree = "<group>"; };
		5F428C7E1D6886160075FA6B /* HPComponent.swift */ = {isa = PBXFileReference; fileEncoding = 4; lastKnownFileType = sourcecode.swift; path = HPComponent.swift; sourceTree = "<group>"; };
		5F428C801D688DB00075FA6B /* AIComponents.swift */ = {isa = PBXFileReference; fileEncoding = 4; lastKnownFileType = sourcecode.swift; path = AIComponents.swift; sourceTree = "<group>"; };
		5F428C841D68A4EC0075FA6B /* UnitFactory.swift */ = {isa = PBXFileReference; fileEncoding = 4; lastKnownFileType = sourcecode.swift; path = UnitFactory.swift; sourceTree = "<group>"; };
		5F428C861D68B2D30075FA6B /* SpriteFactory.swift */ = {isa = PBXFileReference; fileEncoding = 4; lastKnownFileType = sourcecode.swift; path = SpriteFactory.swift; sourceTree = "<group>"; };
		5F428C8A1D68EC6C0075FA6B /* LevelSystem.swift */ = {isa = PBXFileReference; fileEncoding = 4; lastKnownFileType = sourcecode.swift; path = LevelSystem.swift; sourceTree = "<group>"; };
		5F428C8C1D69039C0075FA6B /* World.swift */ = {isa = PBXFileReference; fileEncoding = 4; lastKnownFileType = sourcecode.swift; path = World.swift; sourceTree = "<group>"; };
		5F428C8F1D6909EE0075FA6B /* InputController.swift */ = {isa = PBXFileReference; fileEncoding = 4; lastKnownFileType = sourcecode.swift; path = InputController.swift; sourceTree = "<group>"; };
		5F428C921D690A250075FA6B /* Controller-Database.plist */ = {isa = PBXFileReference; fileEncoding = 4; lastKnownFileType = text.plist.xml; path = "Controller-Database.plist"; sourceTree = "<group>"; };
		5F428C931D690A250075FA6B /* DeviceAction.swift */ = {isa = PBXFileReference; fileEncoding = 4; lastKnownFileType = sourcecode.swift; path = DeviceAction.swift; sourceTree = "<group>"; };
		5F428C941D690A250075FA6B /* DeviceConfiguration.swift */ = {isa = PBXFileReference; fileEncoding = 4; lastKnownFileType = sourcecode.swift; path = DeviceConfiguration.swift; sourceTree = "<group>"; };
		5F428C951D690A250075FA6B /* DSExtensions.swift */ = {isa = PBXFileReference; fileEncoding = 4; lastKnownFileType = sourcecode.swift; path = DSExtensions.swift; sourceTree = "<group>"; };
		5F428C961D690A250075FA6B /* EventsController.swift */ = {isa = PBXFileReference; fileEncoding = 4; lastKnownFileType = sourcecode.swift; path = EventsController.swift; sourceTree = "<group>"; };
		5F428C971D690A250075FA6B /* HIDController.swift */ = {isa = PBXFileReference; fileEncoding = 4; lastKnownFileType = sourcecode.swift; path = HIDController.swift; sourceTree = "<group>"; };
		5F428C9E1D690C4F0075FA6B /* OpenEmuBase.framework */ = {isa = PBXFileReference; lastKnownFileType = wrapper.framework; path = OpenEmuBase.framework; sourceTree = "<group>"; };
		5F428CA01D690C4F0075FA6B /* OpenEmuSystem.framework */ = {isa = PBXFileReference; lastKnownFileType = wrapper.framework; path = OpenEmuSystem.framework; sourceTree = "<group>"; };
		5F440ACE1F6D52BC0036189E /* GameController.swift */ = {isa = PBXFileReference; lastKnownFileType = sourcecode.swift; path = GameController.swift; sourceTree = "<group>"; };
		5F440AD01F6D54220036189E /* GameState.swift */ = {isa = PBXFileReference; lastKnownFileType = sourcecode.swift; path = GameState.swift; sourceTree = "<group>"; };
		5F4CCCA51DCE6D3500E3DB58 /* HUDSystem.swift */ = {isa = PBXFileReference; fileEncoding = 4; lastKnownFileType = sourcecode.swift; path = HUDSystem.swift; sourceTree = "<group>"; };
		5F53F3B91D6F83570077B2A0 /* PhysicsSystem.swift */ = {isa = PBXFileReference; fileEncoding = 4; lastKnownFileType = sourcecode.swift; path = PhysicsSystem.swift; sourceTree = "<group>"; };
		5F53F3BB1D6F94610077B2A0 /* PhysicsComponent.swift */ = {isa = PBXFileReference; fileEncoding = 4; lastKnownFileType = sourcecode.swift; path = PhysicsComponent.swift; sourceTree = "<group>"; };
		5F5D31E41DC61E6300BC0969 /* LifetimeSystem.swift */ = {isa = PBXFileReference; fileEncoding = 4; lastKnownFileType = sourcecode.swift; path = LifetimeSystem.swift; sourceTree = "<group>"; };
		5F6EECAB1D775C120089A0AB /* WeaponSystem.swift */ = {isa = PBXFileReference; fileEncoding = 4; lastKnownFileType = sourcecode.swift; path = WeaponSystem.swift; sourceTree = "<group>"; };
		5F6EECAD1D775E360089A0AB /* WeaponComponents.swift */ = {isa = PBXFileReference; fileEncoding = 4; lastKnownFileType = sourcecode.swift; path = WeaponComponents.swift; sourceTree = "<group>"; };
		5F6EECAF1D776CA10089A0AB /* ProjectileFactory.swift */ = {isa = PBXFileReference; fileEncoding = 4; lastKnownFileType = sourcecode.swift; path = ProjectileFactory.swift; sourceTree = "<group>"; };
		5F77832C1D7A04F50027FFED /* CollisionsSystem.swift */ = {isa = PBXFileReference; fileEncoding = 4; lastKnownFileType = sourcecode.swift; path = CollisionsSystem.swift; sourceTree = "<group>"; };
		5F9104981D3BA19500C2C519 /* FireTek.app */ = {isa = PBXFileReference; explicitFileType = wrapper.application; includeInIndex = 0; path = FireTek.app; sourceTree = BUILT_PRODUCTS_DIR; };
		5FB51C541D587D7100F9FFA4 /* Cartfile */ = {isa = PBXFileReference; fileEncoding = 4; lastKnownFileType = text; path = Cartfile; sourceTree = "<group>"; };
		5FCD334A1DD3B9F000815476 /* TargetSysyem.swift */ = {isa = PBXFileReference; fileEncoding = 4; lastKnownFileType = sourcecode.swift; path = TargetSysyem.swift; sourceTree = "<group>"; };
		5FCE00901DD12F8B009DD942 /* HUD.atlas */ = {isa = PBXFileReference; lastKnownFileType = folder.skatlas; path = HUD.atlas; sourceTree = "<group>"; };
		5FCEA7A51DC2A09D005F72B0 /* PowerCore.xcodeproj */ = {isa = PBXFileReference; lastKnownFileType = "wrapper.pb-project"; name = PowerCore.xcodeproj; path = Carthage/Checkouts/PowerCore/PowerCore.xcodeproj; sourceTree = SOURCE_ROOT; };
		5FCEA7B91DC3C6B1005F72B0 /* README.md */ = {isa = PBXFileReference; fileEncoding = 4; lastKnownFileType = net.daringfireball.markdown; path = README.md; sourceTree = "<group>"; };
		5FD28A561D5B091E00BAFC0F /* File.md */ = {isa = PBXFileReference; fileEncoding = 4; lastKnownFileType = net.daringfireball.markdown; path = File.md; sourceTree = "<group>"; };
		5FD551051D7978AE0092A187 /* SpriteKitExtensions.swift */ = {isa = PBXFileReference; fileEncoding = 4; lastKnownFileType = sourcecode.swift; path = SpriteKitExtensions.swift; sourceTree = "<group>"; };
		5FDF95CE1DBEA1DE009E11DA /* ProjectileSystem.swift */ = {isa = PBXFileReference; fileEncoding = 4; lastKnownFileType = sourcecode.swift; path = ProjectileSystem.swift; sourceTree = "<group>"; };
		5FE123971D5E398C00C41BAC /* Fx.framework */ = {isa = PBXFileReference; lastKnownFileType = wrapper.framework; path = Fx.framework; sourceTree = "<group>"; };
		5FE1241E1D5FA4EC00C41BAC /* AppDelegate.swift */ = {isa = PBXFileReference; fileEncoding = 4; lastKnownFileType = sourcecode.swift; path = AppDelegate.swift; sourceTree = "<group>"; };
		5FE124201D5FA4EC00C41BAC /* Base */ = {isa = PBXFileReference; lastKnownFileType = file.xib; name = Base; path = Base.lproj/MainMenu.xib; sourceTree = "<group>"; };
		5FE124211D5FA4EC00C41BAC /* Info.plist */ = {isa = PBXFileReference; fileEncoding = 4; lastKnownFileType = text.plist.xml; path = Info.plist; sourceTree = "<group>"; };
		5FE124231D5FA4EC00C41BAC /* Assets.xcassets */ = {isa = PBXFileReference; lastKnownFileType = folder.assetcatalog; path = Assets.xcassets; sourceTree = "<group>"; };
		5FE1242C1D5FA4EC00C41BAC /* SpriteComponent.swift */ = {isa = PBXFileReference; fileEncoding = 4; lastKnownFileType = sourcecode.swift; path = SpriteComponent.swift; sourceTree = "<group>"; };
		5FE1242D1D5FA4EC00C41BAC /* UnitComponents.swift */ = {isa = PBXFileReference; fileEncoding = 4; lastKnownFileType = sourcecode.swift; path = UnitComponents.swift; sourceTree = "<group>"; };
		5FE1242E1D5FA4EC00C41BAC /* InputComponents.swift */ = {isa = PBXFileReference; fileEncoding = 4; lastKnownFileType = sourcecode.swift; path = InputComponents.swift; sourceTree = "<group>"; };
		5FE1242F1D5FA4EC00C41BAC /* Engine.swift */ = {isa = PBXFileReference; fileEncoding = 4; lastKnownFileType = sourcecode.swift; path = Engine.swift; sourceTree = "<group>"; };
		5FE124311D5FA4EC00C41BAC /* SpriteSpawnSystem.swift */ = {isa = PBXFileReference; fileEncoding = 4; lastKnownFileType = sourcecode.swift; path = SpriteSpawnSystem.swift; sourceTree = "<group>"; };
		5FE124331D5FA4EC00C41BAC /* SpaceScene.sks */ = {isa = PBXFileReference; lastKnownFileType = file.sks; path = SpaceScene.sks; sourceTree = "<group>"; };
		5FE124341D5FA4EC00C41BAC /* SpaceScene.swift */ = {isa = PBXFileReference; fileEncoding = 4; lastKnownFileType = sourcecode.swift; path = SpaceScene.swift; sourceTree = "<group>"; };
		5FE124361D5FA4EC00C41BAC /* General.swift */ = {isa = PBXFileReference; fileEncoding = 4; lastKnownFileType = sourcecode.swift; path = General.swift; sourceTree = "<group>"; };
		5FE124531D5FA81700C41BAC /* DiamondSquare.swift */ = {isa = PBXFileReference; fileEncoding = 4; lastKnownFileType = sourcecode.swift; path = DiamondSquare.swift; sourceTree = "<group>"; };
		5FEF36601DC68A4F00B52FB9 /* LootSystem.swift */ = {isa = PBXFileReference; fileEncoding = 4; lastKnownFileType = sourcecode.swift; path = LootSystem.swift; sourceTree = "<group>"; };
		5FEFFC3F1DCF89C300685419 /* DamageSystem.swift */ = {isa = PBXFileReference; fileEncoding = 4; lastKnownFileType = sourcecode.swift; path = DamageSystem.swift; sourceTree = "<group>"; };
		5FFF82E21DCC8636007EFAAD /* CrystalCollected.wav */ = {isa = PBXFileReference; lastKnownFileType = audio.wav; path = CrystalCollected.wav; sourceTree = "<group>"; };
		5FFF82E61DCC863D007EFAAD /* Boom0.wav */ = {isa = PBXFileReference; lastKnownFileType = audio.wav; path = Boom0.wav; sourceTree = "<group>"; };
		5FFF82E71DCC863D007EFAAD /* Boom1.wav */ = {isa = PBXFileReference; lastKnownFileType = audio.wav; path = Boom1.wav; sourceTree = "<group>"; };
		5FFF82E81DCC863D007EFAAD /* Boom2.wav */ = {isa = PBXFileReference; lastKnownFileType = audio.wav; path = Boom2.wav; sourceTree = "<group>"; };
		5FFF82E91DCC863D007EFAAD /* Cannon0.wav */ = {isa = PBXFileReference; lastKnownFileType = audio.wav; path = Cannon0.wav; sourceTree = "<group>"; };
		5FFFB44D1DDD925300DAD69A /* HUDNode.swift */ = {isa = PBXFileReference; fileEncoding = 4; lastKnownFileType = sourcecode.swift; path = HUDNode.swift; sourceTree = "<group>"; };
		5FFFB44F1DDD926000DAD69A /* HUDHPNode.swift */ = {isa = PBXFileReference; fileEncoding = 4; lastKnownFileType = sourcecode.swift; path = HUDHPNode.swift; sourceTree = "<group>"; };
		5FFFB4511DDD929500DAD69A /* HUDWeaponNode.swift */ = {isa = PBXFileReference; fileEncoding = 4; lastKnownFileType = sourcecode.swift; path = HUDWeaponNode.swift; sourceTree = "<group>"; };
/* End PBXFileReference section */

/* Begin PBXFrameworksBuildPhase section */
		5F9104951D3BA19500C2C519 /* Frameworks */ = {
			isa = PBXFrameworksBuildPhase;
			buildActionMask = 2147483647;
			files = (
				5FE123981D5E398C00C41BAC /* Fx.framework in Frameworks */,
				5F428CA41D690C4F0075FA6B /* OpenEmuSystem.framework in Frameworks */,
				5F428CA21D690C4F0075FA6B /* OpenEmuBase.framework in Frameworks */,
			);
			runOnlyForDeploymentPostprocessing = 0;
		};
/* End PBXFrameworksBuildPhase section */

/* Begin PBXGroup section */
		5F039FA71DC645A300AC45C8 /* SFX */ = {
			isa = PBXGroup;
			children = (
				5FFF82E61DCC863D007EFAAD /* Boom0.wav */,
				5FFF82E71DCC863D007EFAAD /* Boom1.wav */,
				5FFF82E81DCC863D007EFAAD /* Boom2.wav */,
				5FFF82E91DCC863D007EFAAD /* Cannon0.wav */,
				5FFF82E21DCC8636007EFAAD /* CrystalCollected.wav */,
			);
			path = SFX;
			sourceTree = "<group>";
		};
		5F082FED1D60D8AC00DE34DC /* Level */ = {
			isa = PBXGroup;
			children = (
				5F082FEE1D60D8B400DE34DC /* TileMap.swift */,
				5F082FF01D60DE3700DE34DC /* PlanetLevel.swift */,
				5F0F8B8B1E4784D6001EF757 /* SpaceLevel.swift */,
			);
			path = Level;
			sourceTree = "<group>";
		};
		5F115F471F6D3404004509D0 /* Router */ = {
			isa = PBXGroup;
			children = (
				5F115F481F6D3411004509D0 /* Router.swift */,
			);
			path = Router;
			sourceTree = "<group>";
		};
		5F115F4A1F6D373F004509D0 /* Space */ = {
			isa = PBXGroup;
			children = (
				5FFFB44A1DDD924100DAD69A /* HUD */,
				5FE124331D5FA4EC00C41BAC /* SpaceScene.sks */,
				5FE124341D5FA4EC00C41BAC /* SpaceScene.swift */,
			);
			path = Space;
			sourceTree = "<group>";
		};
		5F115F4B1F6D3746004509D0 /* MainMenu */ = {
			isa = PBXGroup;
			children = (
			);
			path = MainMenu;
			sourceTree = "<group>";
		};
		5F115F4C1F6D3753004509D0 /* Outfit */ = {
			isa = PBXGroup;
			children = (
				5F115F501F6D37A2004509D0 /* OutfitScene.swift */,
			);
			path = Outfit;
			sourceTree = "<group>";
		};
		5F115F4D1F6D375A004509D0 /* Land */ = {
			isa = PBXGroup;
			children = (
				5F115F4E1F6D378C004509D0 /* LandScene.swift */,
			);
			path = Land;
			sourceTree = "<group>";
		};
		5F428C831D68A4D60075FA6B /* Fabrics */ = {
			isa = PBXGroup;
			children = (
				5F428C841D68A4EC0075FA6B /* UnitFactory.swift */,
				5F428C861D68B2D30075FA6B /* SpriteFactory.swift */,
				5F6EECAF1D776CA10089A0AB /* ProjectileFactory.swift */,
				5F039FA31DC6227200AC45C8 /* EffectsFabric.swift */,
				5F039FB21DC6481100AC45C8 /* SoundsFabric.swift */,
				5F0F8B891E477C20001EF757 /* StarSystemFactory.swift */,
			);
			path = Fabrics;
			sourceTree = "<group>";
		};
		5F428C8E1D6909DD0075FA6B /* IO */ = {
			isa = PBXGroup;
			children = (
				5F428C911D690A250075FA6B /* GamepadKit */,
				5F428C8F1D6909EE0075FA6B /* InputController.swift */,
			);
			path = IO;
			sourceTree = "<group>";
		};
		5F428C911D690A250075FA6B /* GamepadKit */ = {
			isa = PBXGroup;
			children = (
				5F428C921D690A250075FA6B /* Controller-Database.plist */,
				5F428C931D690A250075FA6B /* DeviceAction.swift */,
				5F428C941D690A250075FA6B /* DeviceConfiguration.swift */,
				5F428C951D690A250075FA6B /* DSExtensions.swift */,
				5F428C961D690A250075FA6B /* EventsController.swift */,
				5F428C971D690A250075FA6B /* HIDController.swift */,
			);
			path = GamepadKit;
			sourceTree = "<group>";
		};
		5F440ACD1F6D52A70036189E /* GameController */ = {
			isa = PBXGroup;
			children = (
				5F440ACE1F6D52BC0036189E /* GameController.swift */,
				5F440AD01F6D54220036189E /* GameState.swift */,
			);
			path = GameController;
			sourceTree = "<group>";
		};
		5F543A6F1D5BD00B0039FB0B /* Frameworks */ = {
			isa = PBXGroup;
			children = (
				5FCEA7A51DC2A09D005F72B0 /* PowerCore.xcodeproj */,
				5F543A701D5BD0380039FB0B /* Mac */,
			);
			name = Frameworks;
			path = Carthage/Build;
			sourceTree = "<group>";
		};
		5F543A701D5BD0380039FB0B /* Mac */ = {
			isa = PBXGroup;
			children = (
				5F428C9E1D690C4F0075FA6B /* OpenEmuBase.framework */,
				5F428CA01D690C4F0075FA6B /* OpenEmuSystem.framework */,
				5FE123971D5E398C00C41BAC /* Fx.framework */,
			);
			path = Mac;
			sourceTree = "<group>";
		};
		5F655F711DCF4E7A001E22AA /* Nodes */ = {
			isa = PBXGroup;
			children = (
			);
			path = Nodes;
			sourceTree = "<group>";
		};
		5F91048F1D3BA19500C2C519 = {
			isa = PBXGroup;
			children = (
				5FCEA7B91DC3C6B1005F72B0 /* README.md */,
				5FD28A561D5B091E00BAFC0F /* File.md */,
				5FB51C541D587D7100F9FFA4 /* Cartfile */,
				5F543A6F1D5BD00B0039FB0B /* Frameworks */,
				5FE124291D5FA4EC00C41BAC /* Source */,
				5FE124221D5FA4EC00C41BAC /* Resources */,
				5FE1241D1D5FA4EC00C41BAC /* macOS */,
				5F9104991D3BA19500C2C519 /* Products */,
			);
			sourceTree = "<group>";
		};
		5F9104991D3BA19500C2C519 /* Products */ = {
			isa = PBXGroup;
			children = (
				5F9104981D3BA19500C2C519 /* FireTek.app */,
			);
			name = Products;
			sourceTree = "<group>";
		};
		5FCEA7A61DC2A09D005F72B0 /* Products */ = {
			isa = PBXGroup;
			children = (
				5FCEA7AC1DC2A09D005F72B0 /* PowerCore.framework */,
				5FCEA7AE1DC2A09D005F72B0 /* PowerCore.framework */,
				5FCEA7B01DC2A09D005F72B0 /* PowerCore.framework */,
			);
			name = Products;
			sourceTree = "<group>";
		};
		5FE1241D1D5FA4EC00C41BAC /* macOS */ = {
			isa = PBXGroup;
			children = (
				5FE1241E1D5FA4EC00C41BAC /* AppDelegate.swift */,
				5FE1241F1D5FA4EC00C41BAC /* MainMenu.xib */,
				5FE124211D5FA4EC00C41BAC /* Info.plist */,
			);
			path = macOS;
			sourceTree = "<group>";
		};
		5FE124221D5FA4EC00C41BAC /* Resources */ = {
			isa = PBXGroup;
			children = (
				5F039FA71DC645A300AC45C8 /* SFX */,
				5F0F8B8D1E47A7F6001EF757 /* Space.atlas */,
				5FCE00901DD12F8B009DD942 /* HUD.atlas */,
				5F039FA51DC6284400AC45C8 /* Effects.atlas */,
				5FE124231D5FA4EC00C41BAC /* Assets.xcassets */,
			);
			path = Resources;
			sourceTree = "<group>";
		};
		5FE124291D5FA4EC00C41BAC /* Source */ = {
			isa = PBXGroup;
			children = (
				5F115F471F6D3404004509D0 /* Router */,
				5F428C8E1D6909DD0075FA6B /* IO */,
				5F082FED1D60D8AC00DE34DC /* Level */,
				5FE1242A1D5FA4EC00C41BAC /* Engine */,
				5FE124321D5FA4EC00C41BAC /* Scenes */,
				5FE124351D5FA4EC00C41BAC /* Utilities */,
			);
			path = Source;
			sourceTree = "<group>";
		};
		5FE1242A1D5FA4EC00C41BAC /* Engine */ = {
			isa = PBXGroup;
			children = (
				5FE1242B1D5FA4EC00C41BAC /* Components */,
				5FE124301D5FA4EC00C41BAC /* Systems */,
				5F428C831D68A4D60075FA6B /* Fabrics */,
				5FE1242F1D5FA4EC00C41BAC /* Engine.swift */,
				5F428C8C1D69039C0075FA6B /* World.swift */,
			);
			path = Engine;
			sourceTree = "<group>";
		};
		5FE1242B1D5FA4EC00C41BAC /* Components */ = {
			isa = PBXGroup;
			children = (
				5FE1242D1D5FA4EC00C41BAC /* UnitComponents.swift */,
				5FE1242C1D5FA4EC00C41BAC /* SpriteComponent.swift */,
				5F53F3BB1D6F94610077B2A0 /* PhysicsComponent.swift */,
				5F428C7E1D6886160075FA6B /* HPComponent.swift */,
				5FE1242E1D5FA4EC00C41BAC /* InputComponents.swift */,
				5F428C801D688DB00075FA6B /* AIComponents.swift */,
				5F6EECAD1D775E360089A0AB /* WeaponComponents.swift */,
				5F039F9F1DC61FFB00AC45C8 /* LifetimeComponent.swift */,
				5F0F8B871E476E5B001EF757 /* PlanetarySystemData.swift */,
			);
			path = Components;
			sourceTree = "<group>";
		};
		5FE124301D5FA4EC00C41BAC /* Systems */ = {
			isa = PBXGroup;
			children = (
				5FE124311D5FA4EC00C41BAC /* SpriteSpawnSystem.swift */,
				5F77832C1D7A04F50027FFED /* CollisionsSystem.swift */,
				5F428C8A1D68EC6C0075FA6B /* LevelSystem.swift */,
				5F6EECAB1D775C120089A0AB /* WeaponSystem.swift */,
				5F2B51E81D6F71BC00AF62A1 /* InputSystem.swift */,
				5F53F3B91D6F83570077B2A0 /* PhysicsSystem.swift */,
				5F2F9F3A1D7328380016AA2F /* AISystem.swift */,
				5F2F9F3E1D7333C40016AA2F /* CameraSystem.swift */,
				5FDF95CE1DBEA1DE009E11DA /* ProjectileSystem.swift */,
				5F5D31E41DC61E6300BC0969 /* LifetimeSystem.swift */,
				5FEF36601DC68A4F00B52FB9 /* LootSystem.swift */,
				5F4CCCA51DCE6D3500E3DB58 /* HUDSystem.swift */,
				5FEFFC3F1DCF89C300685419 /* DamageSystem.swift */,
				5FCD334A1DD3B9F000815476 /* TargetSysyem.swift */,
				5F0F8B851E476A1F001EF757 /* PlanetarySystem.swift */,
			);
			path = Systems;
			sourceTree = "<group>";
		};
		5FE124321D5FA4EC00C41BAC /* Scenes */ = {
			isa = PBXGroup;
			children = (
				5F115F4B1F6D3746004509D0 /* MainMenu */,
				5F440ACD1F6D52A70036189E /* GameController */,
				5F115F4C1F6D3753004509D0 /* Outfit */,
				5F115F4A1F6D373F004509D0 /* Space */,
				5F115F4D1F6D375A004509D0 /* Land */,
				5F655F711DCF4E7A001E22AA /* Nodes */,
			);
			path = Scenes;
			sourceTree = "<group>";
		};
		5FE124351D5FA4EC00C41BAC /* Utilities */ = {
			isa = PBXGroup;
			children = (
				5FE124361D5FA4EC00C41BAC /* General.swift */,
				5FD551051D7978AE0092A187 /* SpriteKitExtensions.swift */,
				5F2F9F3C1D7331E60016AA2F /* Math.swift */,
				5FE124371D5FA4EC00C41BAC /* Terrain Generator */,
			);
			path = Utilities;
			sourceTree = "<group>";
		};
		5FE124371D5FA4EC00C41BAC /* Terrain Generator */ = {
			isa = PBXGroup;
			children = (
				5FE124531D5FA81700C41BAC /* DiamondSquare.swift */,
			);
			path = "Terrain Generator";
			sourceTree = "<group>";
		};
		5FFFB44A1DDD924100DAD69A /* HUD */ = {
			isa = PBXGroup;
			children = (
				5FFFB44D1DDD925300DAD69A /* HUDNode.swift */,
				5FFFB44F1DDD926000DAD69A /* HUDHPNode.swift */,
				5FFFB4511DDD929500DAD69A /* HUDWeaponNode.swift */,
				5F0F8B8F1E48ECE2001EF757 /* HUDMapNode.swift */,
			);
			path = HUD;
			sourceTree = "<group>";
		};
/* End PBXGroup section */

/* Begin PBXNativeTarget section */
		5F9104971D3BA19500C2C519 /* FireTek */ = {
			isa = PBXNativeTarget;
			buildConfigurationList = 5F9104A91D3BA19500C2C519 /* Build configuration list for PBXNativeTarget "FireTek" */;
			buildPhases = (
				5F9104941D3BA19500C2C519 /* Sources */,
				5F9104951D3BA19500C2C519 /* Frameworks */,
				5F9104961D3BA19500C2C519 /* Resources */,
				5FE123991D5E3AAE00C41BAC /* CopyFiles */,
			);
			buildRules = (
			);
			dependencies = (
				5FCEA7B81DC2A199005F72B0 /* PBXTargetDependency */,
			);
			name = FireTek;
			productName = FireTek;
			productReference = 5F9104981D3BA19500C2C519 /* FireTek.app */;
			productType = "com.apple.product-type.application";
		};
/* End PBXNativeTarget section */

/* Begin PBXProject section */
		5F9104901D3BA19500C2C519 /* Project object */ = {
			isa = PBXProject;
			attributes = {
				LastSwiftUpdateCheck = 0730;
				LastUpgradeCheck = 0900;
				ORGANIZATIONNAME = P0ed;
				TargetAttributes = {
					5F9104971D3BA19500C2C519 = {
						CreatedOnToolsVersion = 7.3.1;
						LastSwiftMigration = 0800;
					};
				};
			};
			buildConfigurationList = 5F9104931D3BA19500C2C519 /* Build configuration list for PBXProject "FireTek" */;
			compatibilityVersion = "Xcode 3.2";
			developmentRegion = English;
			hasScannedForEncodings = 0;
			knownRegions = (
				en,
				Base,
			);
			mainGroup = 5F91048F1D3BA19500C2C519;
			productRefGroup = 5F9104991D3BA19500C2C519 /* Products */;
			projectDirPath = "";
			projectReferences = (
				{
					ProductGroup = 5FCEA7A61DC2A09D005F72B0 /* Products */;
					ProjectRef = 5FCEA7A51DC2A09D005F72B0 /* PowerCore.xcodeproj */;
				},
			);
			projectRoot = "";
			targets = (
				5F9104971D3BA19500C2C519 /* FireTek */,
			);
		};
/* End PBXProject section */

/* Begin PBXReferenceProxy section */
		5FCEA7AC1DC2A09D005F72B0 /* PowerCore.framework */ = {
			isa = PBXReferenceProxy;
			fileType = wrapper.framework;
			path = PowerCore.framework;
			remoteRef = 5FCEA7AB1DC2A09D005F72B0 /* PBXContainerItemProxy */;
			sourceTree = BUILT_PRODUCTS_DIR;
		};
		5FCEA7AE1DC2A09D005F72B0 /* PowerCore.framework */ = {
			isa = PBXReferenceProxy;
			fileType = wrapper.framework;
			path = PowerCore.framework;
			remoteRef = 5FCEA7AD1DC2A09D005F72B0 /* PBXContainerItemProxy */;
			sourceTree = BUILT_PRODUCTS_DIR;
		};
		5FCEA7B01DC2A09D005F72B0 /* PowerCore.framework */ = {
			isa = PBXReferenceProxy;
			fileType = wrapper.framework;
			path = PowerCore.framework;
			remoteRef = 5FCEA7AF1DC2A09D005F72B0 /* PBXContainerItemProxy */;
			sourceTree = BUILT_PRODUCTS_DIR;
		};
/* End PBXReferenceProxy section */

/* Begin PBXResourcesBuildPhase section */
		5F9104961D3BA19500C2C519 /* Resources */ = {
			isa = PBXResourcesBuildPhase;
			buildActionMask = 2147483647;
			files = (
				5FFF82E31DCC8636007EFAAD /* CrystalCollected.wav in Resources */,
				5F039FA61DC6284400AC45C8 /* Effects.atlas in Resources */,
				5F0F8B8E1E47A7F6001EF757 /* Space.atlas in Resources */,
				5FCE00911DD12F8B009DD942 /* HUD.atlas in Resources */,
				5FE124391D5FA4EC00C41BAC /* MainMenu.xib in Resources */,
				5FFF82EB1DCC863D007EFAAD /* Boom1.wav in Resources */,
				5FFF82EC1DCC863D007EFAAD /* Boom2.wav in Resources */,
				5F428C981D690A250075FA6B /* Controller-Database.plist in Resources */,
				5FE124441D5FA4ED00C41BAC /* SpaceScene.sks in Resources */,
				5FFF82ED1DCC863D007EFAAD /* Cannon0.wav in Resources */,
				5FE1243B1D5FA4EC00C41BAC /* Assets.xcassets in Resources */,
				5FFF82EA1DCC863D007EFAAD /* Boom0.wav in Resources */,
			);
			runOnlyForDeploymentPostprocessing = 0;
		};
/* End PBXResourcesBuildPhase section */

/* Begin PBXSourcesBuildPhase section */
		5F9104941D3BA19500C2C519 /* Sources */ = {
			isa = PBXSourcesBuildPhase;
			buildActionMask = 2147483647;
			files = (
				5FE1243F1D5FA4EC00C41BAC /* SpriteComponent.swift in Sources */,
				5FFFB4521DDD929500DAD69A /* HUDWeaponNode.swift in Sources */,
				5F77832D1D7A04F50027FFED /* CollisionsSystem.swift in Sources */,
				5F2B51E91D6F71BC00AF62A1 /* InputSystem.swift in Sources */,
				5F428C8D1D69039C0075FA6B /* World.swift in Sources */,
				5F2F9F3D1D7331E60016AA2F /* Math.swift in Sources */,
				5F5D31E51DC61E6300BC0969 /* LifetimeSystem.swift in Sources */,
				5F428C871D68B2D30075FA6B /* SpriteFactory.swift in Sources */,
				5F082FF11D60DE3700DE34DC /* PlanetLevel.swift in Sources */,
				5F0F8B8A1E477C20001EF757 /* StarSystemFactory.swift in Sources */,
				5F082FEF1D60D8B400DE34DC /* TileMap.swift in Sources */,
				5FE124411D5FA4ED00C41BAC /* InputComponents.swift in Sources */,
				5F115F491F6D3411004509D0 /* Router.swift in Sources */,
				5F428C901D6909EE0075FA6B /* InputController.swift in Sources */,
				5FFFB4501DDD926000DAD69A /* HUDHPNode.swift in Sources */,
				5FE124401D5FA4EC00C41BAC /* UnitComponents.swift in Sources */,
				5FE124431D5FA4ED00C41BAC /* SpriteSpawnSystem.swift in Sources */,
				5F4CCCA61DCE6D3500E3DB58 /* HUDSystem.swift in Sources */,
				5F039FA41DC6227200AC45C8 /* EffectsFabric.swift in Sources */,
				5F428C9D1D690A250075FA6B /* HIDController.swift in Sources */,
				5FE124381D5FA4EC00C41BAC /* AppDelegate.swift in Sources */,
				5F115F4F1F6D378C004509D0 /* LandScene.swift in Sources */,
				5FCD334B1DD3B9F000815476 /* TargetSysyem.swift in Sources */,
				5F428C7F1D6886160075FA6B /* HPComponent.swift in Sources */,
				5F53F3BC1D6F94610077B2A0 /* PhysicsComponent.swift in Sources */,
				5F2F9F3B1D7328380016AA2F /* AISystem.swift in Sources */,
				5F6EECAE1D775E360089A0AB /* WeaponComponents.swift in Sources */,
				5F428C991D690A250075FA6B /* DeviceAction.swift in Sources */,
				5F428C8B1D68EC6C0075FA6B /* LevelSystem.swift in Sources */,
				5FE124451D5FA4ED00C41BAC /* SpaceScene.swift in Sources */,
				5F428C9B1D690A250075FA6B /* DSExtensions.swift in Sources */,
				5F53F3BA1D6F83570077B2A0 /* PhysicsSystem.swift in Sources */,
				5F0F8B901E48ECE2001EF757 /* HUDMapNode.swift in Sources */,
				5F428C811D688DB00075FA6B /* AIComponents.swift in Sources */,
				5F0F8B881E476E5B001EF757 /* PlanetarySystemData.swift in Sources */,
				5F2F9F3F1D7333C40016AA2F /* CameraSystem.swift in Sources */,
				5F428C9C1D690A250075FA6B /* EventsController.swift in Sources */,
				5F0F8B8C1E4784D6001EF757 /* SpaceLevel.swift in Sources */,
				5FEF36611DC68A4F00B52FB9 /* LootSystem.swift in Sources */,
				5FE124541D5FA81700C41BAC /* DiamondSquare.swift in Sources */,
				5FEFFC401DCF89C300685419 /* DamageSystem.swift in Sources */,
				5F440ACF1F6D52BC0036189E /* GameController.swift in Sources */,
				5FFFB44E1DDD925300DAD69A /* HUDNode.swift in Sources */,
				5F428C9A1D690A250075FA6B /* DeviceConfiguration.swift in Sources */,
				5F0F8B861E476A1F001EF757 /* PlanetarySystem.swift in Sources */,
				5F6EECB01D776CA10089A0AB /* ProjectileFactory.swift in Sources */,
				5F039FB31DC6481100AC45C8 /* SoundsFabric.swift in Sources */,
				5F6EECAC1D775C120089A0AB /* WeaponSystem.swift in Sources */,
				5FDF95CF1DBEA1DE009E11DA /* ProjectileSystem.swift in Sources */,
				5FE124461D5FA4ED00C41BAC /* General.swift in Sources */,
				5F115F511F6D37A2004509D0 /* OutfitScene.swift in Sources */,
				5FD551061D7978AE0092A187 /* SpriteKitExtensions.swift in Sources */,
				5F428C851D68A4EC0075FA6B /* UnitFactory.swift in Sources */,
				5F440AD11F6D54220036189E /* GameState.swift in Sources */,
				5FE124421D5FA4ED00C41BAC /* Engine.swift in Sources */,
				5F039FA01DC61FFB00AC45C8 /* LifetimeComponent.swift in Sources */,
			);
			runOnlyForDeploymentPostprocessing = 0;
		};
/* End PBXSourcesBuildPhase section */

/* Begin PBXTargetDependency section */
		5FCEA7B81DC2A199005F72B0 /* PBXTargetDependency */ = {
			isa = PBXTargetDependency;
			name = PowerCore_macOS;
			targetProxy = 5FCEA7B71DC2A199005F72B0 /* PBXContainerItemProxy */;
		};
/* End PBXTargetDependency section */

/* Begin PBXVariantGroup section */
		5FE1241F1D5FA4EC00C41BAC /* MainMenu.xib */ = {
			isa = PBXVariantGroup;
			children = (
				5FE124201D5FA4EC00C41BAC /* Base */,
			);
			name = MainMenu.xib;
			sourceTree = "<group>";
		};
/* End PBXVariantGroup section */

/* Begin XCBuildConfiguration section */
		5F9104A71D3BA19500C2C519 /* Debug */ = {
			isa = XCBuildConfiguration;
			buildSettings = {
				ALWAYS_SEARCH_USER_PATHS = NO;
				CLANG_ANALYZER_NONNULL = YES;
				CLANG_CXX_LANGUAGE_STANDARD = "gnu++0x";
				CLANG_CXX_LIBRARY = "libc++";
				CLANG_ENABLE_MODULES = YES;
				CLANG_ENABLE_OBJC_ARC = YES;
				CLANG_WARN_BLOCK_CAPTURE_AUTORELEASING = YES;
				CLANG_WARN_BOOL_CONVERSION = YES;
				CLANG_WARN_COMMA = YES;
				CLANG_WARN_CONSTANT_CONVERSION = YES;
				CLANG_WARN_DIRECT_OBJC_ISA_USAGE = YES_ERROR;
				CLANG_WARN_EMPTY_BODY = YES;
				CLANG_WARN_ENUM_CONVERSION = YES;
				CLANG_WARN_INFINITE_RECURSION = YES;
				CLANG_WARN_INT_CONVERSION = YES;
				CLANG_WARN_NON_LITERAL_NULL_CONVERSION = YES;
				CLANG_WARN_OBJC_LITERAL_CONVERSION = YES;
				CLANG_WARN_OBJC_ROOT_CLASS = YES_ERROR;
				CLANG_WARN_RANGE_LOOP_ANALYSIS = YES;
				CLANG_WARN_STRICT_PROTOTYPES = YES;
				CLANG_WARN_SUSPICIOUS_MOVE = YES;
				CLANG_WARN_UNREACHABLE_CODE = YES;
				CLANG_WARN__DUPLICATE_METHOD_MATCH = YES;
				CODE_SIGN_IDENTITY = "-";
				COPY_PHASE_STRIP = NO;
				DEBUG_INFORMATION_FORMAT = "dwarf-with-dsym";
				ENABLE_STRICT_OBJC_MSGSEND = YES;
				ENABLE_TESTABILITY = YES;
				GCC_C_LANGUAGE_STANDARD = gnu99;
				GCC_DYNAMIC_NO_PIC = NO;
				GCC_NO_COMMON_BLOCKS = YES;
				GCC_OPTIMIZATION_LEVEL = 0;
				GCC_PREPROCESSOR_DEFINITIONS = (
					"DEBUG=1",
					"$(inherited)",
				);
				GCC_WARN_64_TO_32_BIT_CONVERSION = YES;
				GCC_WARN_ABOUT_RETURN_TYPE = YES_ERROR;
				GCC_WARN_UNDECLARED_SELECTOR = YES;
				GCC_WARN_UNINITIALIZED_AUTOS = YES_AGGRESSIVE;
				GCC_WARN_UNUSED_FUNCTION = YES;
				GCC_WARN_UNUSED_VARIABLE = YES;
				MACOSX_DEPLOYMENT_TARGET = 10.11;
				MTL_ENABLE_DEBUG_INFO = YES;
				ONLY_ACTIVE_ARCH = YES;
				SDKROOT = macosx;
				SWIFT_OPTIMIZATION_LEVEL = "-Onone";
				SWIFT_VERSION = 4.0;
			};
			name = Debug;
		};
		5F9104A81D3BA19500C2C519 /* Release */ = {
			isa = XCBuildConfiguration;
			buildSettings = {
				ALWAYS_SEARCH_USER_PATHS = NO;
				CLANG_ANALYZER_NONNULL = YES;
				CLANG_CXX_LANGUAGE_STANDARD = "gnu++0x";
				CLANG_CXX_LIBRARY = "libc++";
				CLANG_ENABLE_MODULES = YES;
				CLANG_ENABLE_OBJC_ARC = YES;
				CLANG_WARN_BLOCK_CAPTURE_AUTORELEASING = YES;
				CLANG_WARN_BOOL_CONVERSION = YES;
				CLANG_WARN_COMMA = YES;
				CLANG_WARN_CONSTANT_CONVERSION = YES;
				CLANG_WARN_DIRECT_OBJC_ISA_USAGE = YES_ERROR;
				CLANG_WARN_EMPTY_BODY = YES;
				CLANG_WARN_ENUM_CONVERSION = YES;
				CLANG_WARN_INFINITE_RECURSION = YES;
				CLANG_WARN_INT_CONVERSION = YES;
				CLANG_WARN_NON_LITERAL_NULL_CONVERSION = YES;
				CLANG_WARN_OBJC_LITERAL_CONVERSION = YES;
				CLANG_WARN_OBJC_ROOT_CLASS = YES_ERROR;
				CLANG_WARN_RANGE_LOOP_ANALYSIS = YES;
				CLANG_WARN_STRICT_PROTOTYPES = YES;
				CLANG_WARN_SUSPICIOUS_MOVE = YES;
				CLANG_WARN_UNREACHABLE_CODE = YES;
				CLANG_WARN__DUPLICATE_METHOD_MATCH = YES;
				CODE_SIGN_IDENTITY = "-";
				COPY_PHASE_STRIP = NO;
				DEBUG_INFORMATION_FORMAT = "dwarf-with-dsym";
				ENABLE_NS_ASSERTIONS = NO;
				ENABLE_STRICT_OBJC_MSGSEND = YES;
				GCC_C_LANGUAGE_STANDARD = gnu99;
				GCC_NO_COMMON_BLOCKS = YES;
				GCC_WARN_64_TO_32_BIT_CONVERSION = YES;
				GCC_WARN_ABOUT_RETURN_TYPE = YES_ERROR;
				GCC_WARN_UNDECLARED_SELECTOR = YES;
				GCC_WARN_UNINITIALIZED_AUTOS = YES_AGGRESSIVE;
				GCC_WARN_UNUSED_FUNCTION = YES;
				GCC_WARN_UNUSED_VARIABLE = YES;
				MACOSX_DEPLOYMENT_TARGET = 10.11;
				MTL_ENABLE_DEBUG_INFO = NO;
				SDKROOT = macosx;
				SWIFT_OPTIMIZATION_LEVEL = "-Owholemodule";
				SWIFT_VERSION = 4.0;
			};
			name = Release;
		};
		5F9104AA1D3BA19500C2C519 /* Debug */ = {
			isa = XCBuildConfiguration;
			buildSettings = {
				ASSETCATALOG_COMPILER_APPICON_NAME = AppIcon;
				COMBINE_HIDPI_IMAGES = YES;
				FRAMEWORK_SEARCH_PATHS = (
					"$(inherited)",
					"$(PROJECT_DIR)/Carthage/Build/Mac",
				);
				INFOPLIST_FILE = macOS/Info.plist;
				LD_RUNPATH_SEARCH_PATHS = "$(inherited) @executable_path/../Frameworks";
				PRODUCT_BUNDLE_IDENTIFIER = com.github.p0ed.FireTek;
				PRODUCT_NAME = "$(TARGET_NAME)";
				SWIFT_VERSION = 4.0;
			};
			name = Debug;
		};
		5F9104AB1D3BA19500C2C519 /* Release */ = {
			isa = XCBuildConfiguration;
			buildSettings = {
				ASSETCATALOG_COMPILER_APPICON_NAME = AppIcon;
				COMBINE_HIDPI_IMAGES = YES;
				FRAMEWORK_SEARCH_PATHS = (
					"$(inherited)",
					"$(PROJECT_DIR)/Carthage/Build/Mac",
				);
				GCC_OPTIMIZATION_LEVEL = 0;
				INFOPLIST_FILE = macOS/Info.plist;
				LD_RUNPATH_SEARCH_PATHS = "$(inherited) @executable_path/../Frameworks";
				PRODUCT_BUNDLE_IDENTIFIER = com.github.p0ed.FireTek;
				PRODUCT_NAME = "$(TARGET_NAME)";
				SWIFT_OPTIMIZATION_LEVEL = "-Owholemodule";
				SWIFT_VERSION = 4.0;
			};
			name = Release;
		};
/* End XCBuildConfiguration section */

/* Begin XCConfigurationList section */
		5F9104931D3BA19500C2C519 /* Build configuration list for PBXProject "FireTek" */ = {
			isa = XCConfigurationList;
			buildConfigurations = (
				5F9104A71D3BA19500C2C519 /* Debug */,
				5F9104A81D3BA19500C2C519 /* Release */,
			);
			defaultConfigurationIsVisible = 0;
			defaultConfigurationName = Release;
		};
		5F9104A91D3BA19500C2C519 /* Build configuration list for PBXNativeTarget "FireTek" */ = {
			isa = XCConfigurationList;
			buildConfigurations = (
				5F9104AA1D3BA19500C2C519 /* Debug */,
				5F9104AB1D3BA19500C2C519 /* Release */,
			);
			defaultConfigurationIsVisible = 0;
			defaultConfigurationName = Release;
		};
/* End XCConfigurationList section */
	};
	rootObject = 5F9104901D3BA19500C2C519 /* Project object */;
}
