// !$*UTF8*$!
{
	archiveVersion = 1;
	classes = {
	};
	objectVersion = 54;
	objects = {

/* Begin PBXBuildFile section */
		5F039FA41DC6227200AC45C8 /* EffectsFactory.swift in Sources */ = {isa = PBXBuildFile; fileRef = 5F039FA31DC6227200AC45C8 /* EffectsFactory.swift */; };
		5F039FA61DC6284400AC45C8 /* VFX.atlas in Resources */ = {isa = PBXBuildFile; fileRef = 5F039FA51DC6284400AC45C8 /* VFX.atlas */; };
		5F039FB31DC6481100AC45C8 /* Sounds.swift in Sources */ = {isa = PBXBuildFile; fileRef = 5F039FB21DC6481100AC45C8 /* Sounds.swift */; };
		5F082FEF1D60D8B400DE34DC /* TileMap.swift in Sources */ = {isa = PBXBuildFile; fileRef = 5F082FEE1D60D8B400DE34DC /* TileMap.swift */; };
		5F0F8B861E476A1F001EF757 /* PlanetarySystem.swift in Sources */ = {isa = PBXBuildFile; fileRef = 5F0F8B851E476A1F001EF757 /* PlanetarySystem.swift */; };
		5F0F8B881E476E5B001EF757 /* PlanetarySystemData.swift in Sources */ = {isa = PBXBuildFile; fileRef = 5F0F8B871E476E5B001EF757 /* PlanetarySystemData.swift */; };
		5F0F8B8A1E477C20001EF757 /* StarSystemFactory.swift in Sources */ = {isa = PBXBuildFile; fileRef = 5F0F8B891E477C20001EF757 /* StarSystemFactory.swift */; };
		5F115F491F6D3411004509D0 /* Router.swift in Sources */ = {isa = PBXBuildFile; fileRef = 5F115F481F6D3411004509D0 /* Router.swift */; };
		5F2B51E91D6F71BC00AF62A1 /* InputSystem.swift in Sources */ = {isa = PBXBuildFile; fileRef = 5F2B51E81D6F71BC00AF62A1 /* InputSystem.swift */; };
		5F2F9F3B1D7328380016AA2F /* AISystem.swift in Sources */ = {isa = PBXBuildFile; fileRef = 5F2F9F3A1D7328380016AA2F /* AISystem.swift */; };
		5F2F9F3D1D7331E60016AA2F /* Math.swift in Sources */ = {isa = PBXBuildFile; fileRef = 5F2F9F3C1D7331E60016AA2F /* Math.swift */; };
		5F35E89D2BE50A3E00EF3CA0 /* Fx in Frameworks */ = {isa = PBXBuildFile; productRef = 5F35E89C2BE50A3E00EF3CA0 /* Fx */; };
		5F35E8A12BE6322500EF3CA0 /* Core.swift in Sources */ = {isa = PBXBuildFile; fileRef = 5F35E8A02BE6322500EF3CA0 /* Core.swift */; };
		5F428C7F1D6886160075FA6B /* HPComponent.swift in Sources */ = {isa = PBXBuildFile; fileRef = 5F428C7E1D6886160075FA6B /* HPComponent.swift */; };
		5F428C811D688DB00075FA6B /* AIComponents.swift in Sources */ = {isa = PBXBuildFile; fileRef = 5F428C801D688DB00075FA6B /* AIComponents.swift */; };
		5F428C851D68A4EC0075FA6B /* UnitFactory.swift in Sources */ = {isa = PBXBuildFile; fileRef = 5F428C841D68A4EC0075FA6B /* UnitFactory.swift */; };
		5F428C871D68B2D30075FA6B /* SpriteFactory.swift in Sources */ = {isa = PBXBuildFile; fileRef = 5F428C861D68B2D30075FA6B /* SpriteFactory.swift */; };
		5F428C8B1D68EC6C0075FA6B /* LevelSystem.swift in Sources */ = {isa = PBXBuildFile; fileRef = 5F428C8A1D68EC6C0075FA6B /* LevelSystem.swift */; };
		5F428C8D1D69039C0075FA6B /* World.swift in Sources */ = {isa = PBXBuildFile; fileRef = 5F428C8C1D69039C0075FA6B /* World.swift */; };
		5F428C901D6909EE0075FA6B /* InputController.swift in Sources */ = {isa = PBXBuildFile; fileRef = 5F428C8F1D6909EE0075FA6B /* InputController.swift */; };
		5F428C9B1D690A250075FA6B /* DSExtensions.swift in Sources */ = {isa = PBXBuildFile; fileRef = 5F428C951D690A250075FA6B /* DSExtensions.swift */; };
		5F428C9D1D690A250075FA6B /* HIDController.swift in Sources */ = {isa = PBXBuildFile; fileRef = 5F428C971D690A250075FA6B /* HIDController.swift */; };
		5F440AD11F6D54220036189E /* GameState.swift in Sources */ = {isa = PBXBuildFile; fileRef = 5F440AD01F6D54220036189E /* GameState.swift */; };
		5F4CCCA61DCE6D3500E3DB58 /* HUDSystem.swift in Sources */ = {isa = PBXBuildFile; fileRef = 5F4CCCA51DCE6D3500E3DB58 /* HUDSystem.swift */; };
		5F53F3BA1D6F83570077B2A0 /* PhysicsSystem.swift in Sources */ = {isa = PBXBuildFile; fileRef = 5F53F3B91D6F83570077B2A0 /* PhysicsSystem.swift */; };
		5F53F3BC1D6F94610077B2A0 /* PhysicsComponent.swift in Sources */ = {isa = PBXBuildFile; fileRef = 5F53F3BB1D6F94610077B2A0 /* PhysicsComponent.swift */; };
		5F5D31E51DC61E6300BC0969 /* LifetimeSystem.swift in Sources */ = {isa = PBXBuildFile; fileRef = 5F5D31E41DC61E6300BC0969 /* LifetimeSystem.swift */; };
		5F6EECAC1D775C120089A0AB /* WeaponSystem.swift in Sources */ = {isa = PBXBuildFile; fileRef = 5F6EECAB1D775C120089A0AB /* WeaponSystem.swift */; };
		5F6EECB01D776CA10089A0AB /* ProjectileFactory.swift in Sources */ = {isa = PBXBuildFile; fileRef = 5F6EECAF1D776CA10089A0AB /* ProjectileFactory.swift */; };
		5F77832D1D7A04F50027FFED /* CollisionsSystem.swift in Sources */ = {isa = PBXBuildFile; fileRef = 5F77832C1D7A04F50027FFED /* CollisionsSystem.swift */; };
		5F83F144209E14C300B0C3D4 /* GameStateFactory.swift in Sources */ = {isa = PBXBuildFile; fileRef = 5F83F143209E14C300B0C3D4 /* GameStateFactory.swift */; };
		5F9C497C2DAEF0E3000336D8 /* warp.wav in Resources */ = {isa = PBXBuildFile; fileRef = 5F9C497B2DAEF0E3000336D8 /* warp.wav */; };
		5F9C497E2DB009F5000336D8 /* RenderingSystem.swift in Sources */ = {isa = PBXBuildFile; fileRef = 5F9C497D2DB009F0000336D8 /* RenderingSystem.swift */; };
		5FCD334B1DD3B9F000815476 /* TargetSysyem.swift in Sources */ = {isa = PBXBuildFile; fileRef = 5FCD334A1DD3B9F000815476 /* TargetSysyem.swift */; };
		5FD551061D7978AE0092A187 /* SpriteKitExtensions.swift in Sources */ = {isa = PBXBuildFile; fileRef = 5FD551051D7978AE0092A187 /* SpriteKitExtensions.swift */; };
		5FDF95CF1DBEA1DE009E11DA /* ProjectileSystem.swift in Sources */ = {isa = PBXBuildFile; fileRef = 5FDF95CE1DBEA1DE009E11DA /* ProjectileSystem.swift */; };
		5FE124381D5FA4EC00C41BAC /* AppDelegate.swift in Sources */ = {isa = PBXBuildFile; fileRef = 5FE1241E1D5FA4EC00C41BAC /* AppDelegate.swift */; };
		5FE124391D5FA4EC00C41BAC /* MainMenu.xib in Resources */ = {isa = PBXBuildFile; fileRef = 5FE1241F1D5FA4EC00C41BAC /* MainMenu.xib */; };
		5FE1243B1D5FA4EC00C41BAC /* Assets.xcassets in Resources */ = {isa = PBXBuildFile; fileRef = 5FE124231D5FA4EC00C41BAC /* Assets.xcassets */; };
		5FE124401D5FA4EC00C41BAC /* UnitComponents.swift in Sources */ = {isa = PBXBuildFile; fileRef = 5FE1242D1D5FA4EC00C41BAC /* UnitComponents.swift */; };
		5FE124411D5FA4ED00C41BAC /* InputComponents.swift in Sources */ = {isa = PBXBuildFile; fileRef = 5FE1242E1D5FA4EC00C41BAC /* InputComponents.swift */; };
		5FE124421D5FA4ED00C41BAC /* Engine.swift in Sources */ = {isa = PBXBuildFile; fileRef = 5FE1242F1D5FA4EC00C41BAC /* Engine.swift */; };
		5FE124451D5FA4ED00C41BAC /* SpaceScene.swift in Sources */ = {isa = PBXBuildFile; fileRef = 5FE124341D5FA4EC00C41BAC /* SpaceScene.swift */; };
		5FE124461D5FA4ED00C41BAC /* General.swift in Sources */ = {isa = PBXBuildFile; fileRef = 5FE124361D5FA4EC00C41BAC /* General.swift */; };
		5FE124541D5FA81700C41BAC /* DiamondSquare.swift in Sources */ = {isa = PBXBuildFile; fileRef = 5FE124531D5FA81700C41BAC /* DiamondSquare.swift */; };
		5FEF36611DC68A4F00B52FB9 /* LootSystem.swift in Sources */ = {isa = PBXBuildFile; fileRef = 5FEF36601DC68A4F00B52FB9 /* LootSystem.swift */; };
		5FEFFC401DCF89C300685419 /* DamageSystem.swift in Sources */ = {isa = PBXBuildFile; fileRef = 5FEFFC3F1DCF89C300685419 /* DamageSystem.swift */; };
		5FFF82E31DCC8636007EFAAD /* CrystalCollected.wav in Resources */ = {isa = PBXBuildFile; fileRef = 5FFF82E21DCC8636007EFAAD /* CrystalCollected.wav */; };
		5FFF82EA1DCC863D007EFAAD /* Boom0.wav in Resources */ = {isa = PBXBuildFile; fileRef = 5FFF82E61DCC863D007EFAAD /* Boom0.wav */; };
		5FFF82EB1DCC863D007EFAAD /* Boom1.wav in Resources */ = {isa = PBXBuildFile; fileRef = 5FFF82E71DCC863D007EFAAD /* Boom1.wav */; };
		5FFF82EC1DCC863D007EFAAD /* Boom2.wav in Resources */ = {isa = PBXBuildFile; fileRef = 5FFF82E81DCC863D007EFAAD /* Boom2.wav */; };
		5FFF82ED1DCC863D007EFAAD /* Cannon0.wav in Resources */ = {isa = PBXBuildFile; fileRef = 5FFF82E91DCC863D007EFAAD /* Cannon0.wav */; };
		5FFFB44E1DDD925300DAD69A /* HUDNode.swift in Sources */ = {isa = PBXBuildFile; fileRef = 5FFFB44D1DDD925300DAD69A /* HUDNode.swift */; };
/* End PBXBuildFile section */

/* Begin PBXCopyFilesBuildPhase section */
		5FE123991D5E3AAE00C41BAC /* CopyFiles */ = {
			isa = PBXCopyFilesBuildPhase;
			buildActionMask = 12;
			dstPath = "";
			dstSubfolderSpec = 16;
			files = (
			);
			runOnlyForDeploymentPostprocessing = 0;
		};
/* End PBXCopyFilesBuildPhase section */

/* Begin PBXFileReference section */
		5F039FA31DC6227200AC45C8 /* EffectsFactory.swift */ = {isa = PBXFileReference; fileEncoding = 4; lastKnownFileType = sourcecode.swift; path = EffectsFactory.swift; sourceTree = "<group>"; };
		5F039FA51DC6284400AC45C8 /* VFX.atlas */ = {isa = PBXFileReference; lastKnownFileType = folder.skatlas; path = VFX.atlas; sourceTree = "<group>"; };
		5F039FB21DC6481100AC45C8 /* Sounds.swift */ = {isa = PBXFileReference; fileEncoding = 4; lastKnownFileType = sourcecode.swift; path = Sounds.swift; sourceTree = "<group>"; };
		5F082FEE1D60D8B400DE34DC /* TileMap.swift */ = {isa = PBXFileReference; fileEncoding = 4; lastKnownFileType = sourcecode.swift; path = TileMap.swift; sourceTree = "<group>"; };
		5F0F8B851E476A1F001EF757 /* PlanetarySystem.swift */ = {isa = PBXFileReference; fileEncoding = 4; lastKnownFileType = sourcecode.swift; path = PlanetarySystem.swift; sourceTree = "<group>"; };
		5F0F8B871E476E5B001EF757 /* PlanetarySystemData.swift */ = {isa = PBXFileReference; fileEncoding = 4; lastKnownFileType = sourcecode.swift; path = PlanetarySystemData.swift; sourceTree = "<group>"; };
		5F0F8B891E477C20001EF757 /* StarSystemFactory.swift */ = {isa = PBXFileReference; fileEncoding = 4; lastKnownFileType = sourcecode.swift; path = StarSystemFactory.swift; sourceTree = "<group>"; };
		5F115F481F6D3411004509D0 /* Router.swift */ = {isa = PBXFileReference; lastKnownFileType = sourcecode.swift; path = Router.swift; sourceTree = "<group>"; };
		5F2B51E81D6F71BC00AF62A1 /* InputSystem.swift */ = {isa = PBXFileReference; fileEncoding = 4; lastKnownFileType = sourcecode.swift; path = InputSystem.swift; sourceTree = "<group>"; };
		5F2F9F3A1D7328380016AA2F /* AISystem.swift */ = {isa = PBXFileReference; fileEncoding = 4; lastKnownFileType = sourcecode.swift; path = AISystem.swift; sourceTree = "<group>"; };
		5F2F9F3C1D7331E60016AA2F /* Math.swift */ = {isa = PBXFileReference; fileEncoding = 4; lastKnownFileType = sourcecode.swift; path = Math.swift; sourceTree = "<group>"; };
		5F35E8A02BE6322500EF3CA0 /* Core.swift */ = {isa = PBXFileReference; lastKnownFileType = sourcecode.swift; path = Core.swift; sourceTree = "<group>"; };
		5F428C7E1D6886160075FA6B /* HPComponent.swift */ = {isa = PBXFileReference; fileEncoding = 4; lastKnownFileType = sourcecode.swift; path = HPComponent.swift; sourceTree = "<group>"; };
		5F428C801D688DB00075FA6B /* AIComponents.swift */ = {isa = PBXFileReference; fileEncoding = 4; lastKnownFileType = sourcecode.swift; path = AIComponents.swift; sourceTree = "<group>"; };
		5F428C841D68A4EC0075FA6B /* UnitFactory.swift */ = {isa = PBXFileReference; fileEncoding = 4; lastKnownFileType = sourcecode.swift; path = UnitFactory.swift; sourceTree = "<group>"; };
		5F428C861D68B2D30075FA6B /* SpriteFactory.swift */ = {isa = PBXFileReference; fileEncoding = 4; lastKnownFileType = sourcecode.swift; path = SpriteFactory.swift; sourceTree = "<group>"; };
		5F428C8A1D68EC6C0075FA6B /* LevelSystem.swift */ = {isa = PBXFileReference; fileEncoding = 4; lastKnownFileType = sourcecode.swift; path = LevelSystem.swift; sourceTree = "<group>"; };
		5F428C8C1D69039C0075FA6B /* World.swift */ = {isa = PBXFileReference; fileEncoding = 4; lastKnownFileType = sourcecode.swift; path = World.swift; sourceTree = "<group>"; };
		5F428C8F1D6909EE0075FA6B /* InputController.swift */ = {isa = PBXFileReference; fileEncoding = 4; lastKnownFileType = sourcecode.swift; path = InputController.swift; sourceTree = "<group>"; };
		5F428C951D690A250075FA6B /* DSExtensions.swift */ = {isa = PBXFileReference; fileEncoding = 4; lastKnownFileType = sourcecode.swift; path = DSExtensions.swift; sourceTree = "<group>"; };
		5F428C971D690A250075FA6B /* HIDController.swift */ = {isa = PBXFileReference; fileEncoding = 4; lastKnownFileType = sourcecode.swift; path = HIDController.swift; sourceTree = "<group>"; };
		5F440AD01F6D54220036189E /* GameState.swift */ = {isa = PBXFileReference; lastKnownFileType = sourcecode.swift; path = GameState.swift; sourceTree = "<group>"; };
		5F4CCCA51DCE6D3500E3DB58 /* HUDSystem.swift */ = {isa = PBXFileReference; fileEncoding = 4; lastKnownFileType = sourcecode.swift; path = HUDSystem.swift; sourceTree = "<group>"; };
		5F53F3B91D6F83570077B2A0 /* PhysicsSystem.swift */ = {isa = PBXFileReference; fileEncoding = 4; lastKnownFileType = sourcecode.swift; path = PhysicsSystem.swift; sourceTree = "<group>"; };
		5F53F3BB1D6F94610077B2A0 /* PhysicsComponent.swift */ = {isa = PBXFileReference; fileEncoding = 4; lastKnownFileType = sourcecode.swift; path = PhysicsComponent.swift; sourceTree = "<group>"; };
		5F5D31E41DC61E6300BC0969 /* LifetimeSystem.swift */ = {isa = PBXFileReference; fileEncoding = 4; lastKnownFileType = sourcecode.swift; path = LifetimeSystem.swift; sourceTree = "<group>"; };
		5F6EECAB1D775C120089A0AB /* WeaponSystem.swift */ = {isa = PBXFileReference; fileEncoding = 4; lastKnownFileType = sourcecode.swift; path = WeaponSystem.swift; sourceTree = "<group>"; };
		5F6EECAF1D776CA10089A0AB /* ProjectileFactory.swift */ = {isa = PBXFileReference; fileEncoding = 4; lastKnownFileType = sourcecode.swift; path = ProjectileFactory.swift; sourceTree = "<group>"; };
		5F77832C1D7A04F50027FFED /* CollisionsSystem.swift */ = {isa = PBXFileReference; fileEncoding = 4; lastKnownFileType = sourcecode.swift; path = CollisionsSystem.swift; sourceTree = "<group>"; };
		5F83F143209E14C300B0C3D4 /* GameStateFactory.swift */ = {isa = PBXFileReference; lastKnownFileType = sourcecode.swift; path = GameStateFactory.swift; sourceTree = "<group>"; };
		5F9104981D3BA19500C2C519 /* FireTek.app */ = {isa = PBXFileReference; explicitFileType = wrapper.application; includeInIndex = 0; path = FireTek.app; sourceTree = BUILT_PRODUCTS_DIR; };
		5F9C497B2DAEF0E3000336D8 /* warp.wav */ = {isa = PBXFileReference; lastKnownFileType = audio.wav; path = warp.wav; sourceTree = "<group>"; };
		5F9C497D2DB009F0000336D8 /* RenderingSystem.swift */ = {isa = PBXFileReference; lastKnownFileType = sourcecode.swift; path = RenderingSystem.swift; sourceTree = "<group>"; };
		5FCD334A1DD3B9F000815476 /* TargetSysyem.swift */ = {isa = PBXFileReference; fileEncoding = 4; lastKnownFileType = sourcecode.swift; path = TargetSysyem.swift; sourceTree = "<group>"; };
		5FCEA7B91DC3C6B1005F72B0 /* README.md */ = {isa = PBXFileReference; fileEncoding = 4; lastKnownFileType = net.daringfireball.markdown; path = README.md; sourceTree = "<group>"; };
		5FD28A561D5B091E00BAFC0F /* File.md */ = {isa = PBXFileReference; fileEncoding = 4; lastKnownFileType = net.daringfireball.markdown; path = File.md; sourceTree = "<group>"; };
		5FD551051D7978AE0092A187 /* SpriteKitExtensions.swift */ = {isa = PBXFileReference; fileEncoding = 4; lastKnownFileType = sourcecode.swift; path = SpriteKitExtensions.swift; sourceTree = "<group>"; };
		5FDF95CE1DBEA1DE009E11DA /* ProjectileSystem.swift */ = {isa = PBXFileReference; fileEncoding = 4; lastKnownFileType = sourcecode.swift; path = ProjectileSystem.swift; sourceTree = "<group>"; };
		5FE1241E1D5FA4EC00C41BAC /* AppDelegate.swift */ = {isa = PBXFileReference; fileEncoding = 4; lastKnownFileType = sourcecode.swift; path = AppDelegate.swift; sourceTree = "<group>"; };
		5FE124201D5FA4EC00C41BAC /* Base */ = {isa = PBXFileReference; lastKnownFileType = file.xib; name = Base; path = Base.lproj/MainMenu.xib; sourceTree = "<group>"; };
		5FE124211D5FA4EC00C41BAC /* Info.plist */ = {isa = PBXFileReference; fileEncoding = 4; lastKnownFileType = text.plist.xml; path = Info.plist; sourceTree = "<group>"; };
		5FE124231D5FA4EC00C41BAC /* Assets.xcassets */ = {isa = PBXFileReference; lastKnownFileType = folder.assetcatalog; path = Assets.xcassets; sourceTree = "<group>"; };
		5FE1242D1D5FA4EC00C41BAC /* UnitComponents.swift */ = {isa = PBXFileReference; fileEncoding = 4; lastKnownFileType = sourcecode.swift; path = UnitComponents.swift; sourceTree = "<group>"; };
		5FE1242E1D5FA4EC00C41BAC /* InputComponents.swift */ = {isa = PBXFileReference; fileEncoding = 4; lastKnownFileType = sourcecode.swift; path = InputComponents.swift; sourceTree = "<group>"; };
		5FE1242F1D5FA4EC00C41BAC /* Engine.swift */ = {isa = PBXFileReference; fileEncoding = 4; lastKnownFileType = sourcecode.swift; path = Engine.swift; sourceTree = "<group>"; };
		5FE124341D5FA4EC00C41BAC /* SpaceScene.swift */ = {isa = PBXFileReference; fileEncoding = 4; lastKnownFileType = sourcecode.swift; path = SpaceScene.swift; sourceTree = "<group>"; };
		5FE124361D5FA4EC00C41BAC /* General.swift */ = {isa = PBXFileReference; fileEncoding = 4; lastKnownFileType = sourcecode.swift; path = General.swift; sourceTree = "<group>"; };
		5FE124531D5FA81700C41BAC /* DiamondSquare.swift */ = {isa = PBXFileReference; fileEncoding = 4; lastKnownFileType = sourcecode.swift; path = DiamondSquare.swift; sourceTree = "<group>"; };
		5FEF36601DC68A4F00B52FB9 /* LootSystem.swift */ = {isa = PBXFileReference; fileEncoding = 4; lastKnownFileType = sourcecode.swift; path = LootSystem.swift; sourceTree = "<group>"; };
		5FEFFC3F1DCF89C300685419 /* DamageSystem.swift */ = {isa = PBXFileReference; fileEncoding = 4; lastKnownFileType = sourcecode.swift; path = DamageSystem.swift; sourceTree = "<group>"; };
		5FFF82E21DCC8636007EFAAD /* CrystalCollected.wav */ = {isa = PBXFileReference; lastKnownFileType = audio.wav; path = CrystalCollected.wav; sourceTree = "<group>"; };
		5FFF82E61DCC863D007EFAAD /* Boom0.wav */ = {isa = PBXFileReference; lastKnownFileType = audio.wav; path = Boom0.wav; sourceTree = "<group>"; };
		5FFF82E71DCC863D007EFAAD /* Boom1.wav */ = {isa = PBXFileReference; lastKnownFileType = audio.wav; path = Boom1.wav; sourceTree = "<group>"; };
		5FFF82E81DCC863D007EFAAD /* Boom2.wav */ = {isa = PBXFileReference; lastKnownFileType = audio.wav; path = Boom2.wav; sourceTree = "<group>"; };
		5FFF82E91DCC863D007EFAAD /* Cannon0.wav */ = {isa = PBXFileReference; lastKnownFileType = audio.wav; path = Cannon0.wav; sourceTree = "<group>"; };
		5FFFB44D1DDD925300DAD69A /* HUDNode.swift */ = {isa = PBXFileReference; fileEncoding = 4; lastKnownFileType = sourcecode.swift; path = HUDNode.swift; sourceTree = "<group>"; };
/* End PBXFileReference section */

/* Begin PBXFrameworksBuildPhase section */
		5F9104951D3BA19500C2C519 /* Frameworks */ = {
			isa = PBXFrameworksBuildPhase;
			buildActionMask = 2147483647;
			files = (
				5F35E89D2BE50A3E00EF3CA0 /* Fx in Frameworks */,
			);
			runOnlyForDeploymentPostprocessing = 0;
		};
/* End PBXFrameworksBuildPhase section */

/* Begin PBXGroup section */
		5F039FA71DC645A300AC45C8 /* SFX */ = {
			isa = PBXGroup;
			children = (
				5F9C497B2DAEF0E3000336D8 /* warp.wav */,
				5FFF82E61DCC863D007EFAAD /* Boom0.wav */,
				5FFF82E71DCC863D007EFAAD /* Boom1.wav */,
				5FFF82E81DCC863D007EFAAD /* Boom2.wav */,
				5FFF82E91DCC863D007EFAAD /* Cannon0.wav */,
				5FFF82E21DCC8636007EFAAD /* CrystalCollected.wav */,
			);
			path = SFX;
			sourceTree = "<group>";
		};
		5F115F471F6D3404004509D0 /* Router */ = {
			isa = PBXGroup;
			children = (
				5F115F481F6D3411004509D0 /* Router.swift */,
			);
			path = Router;
			sourceTree = "<group>";
		};
		5F428C831D68A4D60075FA6B /* Factories */ = {
			isa = PBXGroup;
			children = (
				5F83F143209E14C300B0C3D4 /* GameStateFactory.swift */,
				5F428C841D68A4EC0075FA6B /* UnitFactory.swift */,
				5F428C861D68B2D30075FA6B /* SpriteFactory.swift */,
				5F6EECAF1D776CA10089A0AB /* ProjectileFactory.swift */,
				5F039FA31DC6227200AC45C8 /* EffectsFactory.swift */,
				5F039FB21DC6481100AC45C8 /* Sounds.swift */,
				5F0F8B891E477C20001EF757 /* StarSystemFactory.swift */,
			);
			path = Factories;
			sourceTree = "<group>";
		};
		5F428C8E1D6909DD0075FA6B /* IO */ = {
			isa = PBXGroup;
			children = (
				5F428C911D690A250075FA6B /* GamepadKit */,
				5F428C8F1D6909EE0075FA6B /* InputController.swift */,
			);
			path = IO;
			sourceTree = "<group>";
		};
		5F428C911D690A250075FA6B /* GamepadKit */ = {
			isa = PBXGroup;
			children = (
				5F428C951D690A250075FA6B /* DSExtensions.swift */,
				5F428C971D690A250075FA6B /* HIDController.swift */,
			);
			path = GamepadKit;
			sourceTree = "<group>";
		};
		5F52FFA82DB11D4F00C57350 /* UI */ = {
			isa = PBXGroup;
			children = (
				5FFFB44D1DDD925300DAD69A /* HUDNode.swift */,
			);
			path = UI;
			sourceTree = "<group>";
		};
		5F91048F1D3BA19500C2C519 = {
			isa = PBXGroup;
			children = (
				5FCEA7B91DC3C6B1005F72B0 /* README.md */,
				5FD28A561D5B091E00BAFC0F /* File.md */,
				5FE124291D5FA4EC00C41BAC /* Source */,
				5FE124221D5FA4EC00C41BAC /* Resources */,
				5FE1241D1D5FA4EC00C41BAC /* macOS */,
				5F9104991D3BA19500C2C519 /* Products */,
			);
			sourceTree = "<group>";
		};
		5F9104991D3BA19500C2C519 /* Products */ = {
			isa = PBXGroup;
			children = (
				5F9104981D3BA19500C2C519 /* FireTek.app */,
			);
			name = Products;
			sourceTree = "<group>";
		};
		5FE1241D1D5FA4EC00C41BAC /* macOS */ = {
			isa = PBXGroup;
			children = (
				5FE1241E1D5FA4EC00C41BAC /* AppDelegate.swift */,
				5FE1241F1D5FA4EC00C41BAC /* MainMenu.xib */,
				5FE124211D5FA4EC00C41BAC /* Info.plist */,
			);
			path = macOS;
			sourceTree = "<group>";
		};
		5FE124221D5FA4EC00C41BAC /* Resources */ = {
			isa = PBXGroup;
			children = (
				5F039FA71DC645A300AC45C8 /* SFX */,
				5F039FA51DC6284400AC45C8 /* VFX.atlas */,
				5FE124231D5FA4EC00C41BAC /* Assets.xcassets */,
			);
			path = Resources;
			sourceTree = "<group>";
		};
		5FE124291D5FA4EC00C41BAC /* Source */ = {
			isa = PBXGroup;
			children = (
				5F115F471F6D3404004509D0 /* Router */,
				5F428C8E1D6909DD0075FA6B /* IO */,
				5FE1242A1D5FA4EC00C41BAC /* SpaceEngine */,
				5FE124351D5FA4EC00C41BAC /* Utilities */,
			);
			path = Source;
			sourceTree = "<group>";
		};
		5FE1242A1D5FA4EC00C41BAC /* SpaceEngine */ = {
			isa = PBXGroup;
			children = (
				5FE124301D5FA4EC00C41BAC /* Systems */,
				5FE1242B1D5FA4EC00C41BAC /* Components */,
				5F428C831D68A4D60075FA6B /* Factories */,
				5F52FFA82DB11D4F00C57350 /* UI */,
				5FE1242F1D5FA4EC00C41BAC /* Engine.swift */,
				5FE124341D5FA4EC00C41BAC /* SpaceScene.swift */,
				5F440AD01F6D54220036189E /* GameState.swift */,
				5F2F9F3C1D7331E60016AA2F /* Math.swift */,
				5F428C8C1D69039C0075FA6B /* World.swift */,
				5F35E8A02BE6322500EF3CA0 /* Core.swift */,
			);
			path = SpaceEngine;
			sourceTree = "<group>";
		};
		5FE1242B1D5FA4EC00C41BAC /* Components */ = {
			isa = PBXGroup;
			children = (
				5FE1242D1D5FA4EC00C41BAC /* UnitComponents.swift */,
				5F53F3BB1D6F94610077B2A0 /* PhysicsComponent.swift */,
				5F428C7E1D6886160075FA6B /* HPComponent.swift */,
				5FE1242E1D5FA4EC00C41BAC /* InputComponents.swift */,
				5F428C801D688DB00075FA6B /* AIComponents.swift */,
				5F0F8B871E476E5B001EF757 /* PlanetarySystemData.swift */,
			);
			path = Components;
			sourceTree = "<group>";
		};
		5FE124301D5FA4EC00C41BAC /* Systems */ = {
			isa = PBXGroup;
			children = (
				5F428C8A1D68EC6C0075FA6B /* LevelSystem.swift */,
				5F53F3B91D6F83570077B2A0 /* PhysicsSystem.swift */,
				5F9C497D2DB009F0000336D8 /* RenderingSystem.swift */,
				5F77832C1D7A04F50027FFED /* CollisionsSystem.swift */,
				5F6EECAB1D775C120089A0AB /* WeaponSystem.swift */,
				5F2B51E81D6F71BC00AF62A1 /* InputSystem.swift */,
				5F2F9F3A1D7328380016AA2F /* AISystem.swift */,
				5FDF95CE1DBEA1DE009E11DA /* ProjectileSystem.swift */,
				5F5D31E41DC61E6300BC0969 /* LifetimeSystem.swift */,
				5FEF36601DC68A4F00B52FB9 /* LootSystem.swift */,
				5F4CCCA51DCE6D3500E3DB58 /* HUDSystem.swift */,
				5FEFFC3F1DCF89C300685419 /* DamageSystem.swift */,
				5FCD334A1DD3B9F000815476 /* TargetSysyem.swift */,
				5F0F8B851E476A1F001EF757 /* PlanetarySystem.swift */,
			);
			path = Systems;
			sourceTree = "<group>";
		};
		5FE124351D5FA4EC00C41BAC /* Utilities */ = {
			isa = PBXGroup;
			children = (
				5FE124361D5FA4EC00C41BAC /* General.swift */,
				5FD551051D7978AE0092A187 /* SpriteKitExtensions.swift */,
				5FE124371D5FA4EC00C41BAC /* Terrain Generator */,
			);
			path = Utilities;
			sourceTree = "<group>";
		};
		5FE124371D5FA4EC00C41BAC /* Terrain Generator */ = {
			isa = PBXGroup;
			children = (
				5FE124531D5FA81700C41BAC /* DiamondSquare.swift */,
				5F082FEE1D60D8B400DE34DC /* TileMap.swift */,
			);
			path = "Terrain Generator";
			sourceTree = "<group>";
		};
/* End PBXGroup section */

/* Begin PBXNativeTarget section */
		5F9104971D3BA19500C2C519 /* FireTek */ = {
			isa = PBXNativeTarget;
			buildConfigurationList = 5F9104A91D3BA19500C2C519 /* Build configuration list for PBXNativeTarget "FireTek" */;
			buildPhases = (
				5F9104941D3BA19500C2C519 /* Sources */,
				5F9104951D3BA19500C2C519 /* Frameworks */,
				5F9104961D3BA19500C2C519 /* Resources */,
				5FE123991D5E3AAE00C41BAC /* CopyFiles */,
			);
			buildRules = (
			);
			dependencies = (
			);
			name = FireTek;
			packageProductDependencies = (
				5F35E89C2BE50A3E00EF3CA0 /* Fx */,
			);
			productName = FireTek;
			productReference = 5F9104981D3BA19500C2C519 /* FireTek.app */;
			productType = "com.apple.product-type.application";
		};
/* End PBXNativeTarget section */

/* Begin PBXProject section */
		5F9104901D3BA19500C2C519 /* Project object */ = {
			isa = PBXProject;
			attributes = {
				BuildIndependentTargetsInParallel = YES;
				LastSwiftUpdateCheck = 0730;
				LastUpgradeCheck = 1630;
				ORGANIZATIONNAME = P0ed;
				TargetAttributes = {
					5F9104971D3BA19500C2C519 = {
						CreatedOnToolsVersion = 7.3.1;
						LastSwiftMigration = 1530;
					};
				};
			};
			buildConfigurationList = 5F9104931D3BA19500C2C519 /* Build configuration list for PBXProject "FireTek" */;
			compatibilityVersion = "Xcode 3.2";
			developmentRegion = en;
			hasScannedForEncodings = 0;
			knownRegions = (
				en,
				Base,
			);
			mainGroup = 5F91048F1D3BA19500C2C519;
			packageReferences = (
				5F35E89B2BE50A3E00EF3CA0 /* XCRemoteSwiftPackageReference "Fx" */,
			);
			productRefGroup = 5F9104991D3BA19500C2C519 /* Products */;
			projectDirPath = "";
			projectRoot = "";
			targets = (
				5F9104971D3BA19500C2C519 /* FireTek */,
			);
		};
/* End PBXProject section */

/* Begin PBXResourcesBuildPhase section */
		5F9104961D3BA19500C2C519 /* Resources */ = {
			isa = PBXResourcesBuildPhase;
			buildActionMask = 2147483647;
			files = (
				5FFF82E31DCC8636007EFAAD /* CrystalCollected.wav in Resources */,
				5F039FA61DC6284400AC45C8 /* VFX.atlas in Resources */,
				5FE124391D5FA4EC00C41BAC /* MainMenu.xib in Resources */,
				5FFF82EB1DCC863D007EFAAD /* Boom1.wav in Resources */,
				5F9C497C2DAEF0E3000336D8 /* warp.wav in Resources */,
				5FFF82EC1DCC863D007EFAAD /* Boom2.wav in Resources */,
				5FFF82ED1DCC863D007EFAAD /* Cannon0.wav in Resources */,
				5FE1243B1D5FA4EC00C41BAC /* Assets.xcassets in Resources */,
				5FFF82EA1DCC863D007EFAAD /* Boom0.wav in Resources */,
			);
			runOnlyForDeploymentPostprocessing = 0;
		};
/* End PBXResourcesBuildPhase section */

/* Begin PBXSourcesBuildPhase section */
		5F9104941D3BA19500C2C519 /* Sources */ = {
			isa = PBXSourcesBuildPhase;
			buildActionMask = 2147483647;
			files = (
				5F9C497E2DB009F5000336D8 /* RenderingSystem.swift in Sources */,
				5F77832D1D7A04F50027FFED /* CollisionsSystem.swift in Sources */,
				5F2B51E91D6F71BC00AF62A1 /* InputSystem.swift in Sources */,
				5F428C8D1D69039C0075FA6B /* World.swift in Sources */,
				5F2F9F3D1D7331E60016AA2F /* Math.swift in Sources */,
				5F5D31E51DC61E6300BC0969 /* LifetimeSystem.swift in Sources */,
				5F428C871D68B2D30075FA6B /* SpriteFactory.swift in Sources */,
				5F83F144209E14C300B0C3D4 /* GameStateFactory.swift in Sources */,
				5F0F8B8A1E477C20001EF757 /* StarSystemFactory.swift in Sources */,
				5F082FEF1D60D8B400DE34DC /* TileMap.swift in Sources */,
				5FE124411D5FA4ED00C41BAC /* InputComponents.swift in Sources */,
				5F115F491F6D3411004509D0 /* Router.swift in Sources */,
				5F428C901D6909EE0075FA6B /* InputController.swift in Sources */,
				5FE124401D5FA4EC00C41BAC /* UnitComponents.swift in Sources */,
				5F4CCCA61DCE6D3500E3DB58 /* HUDSystem.swift in Sources */,
				5F039FA41DC6227200AC45C8 /* EffectsFactory.swift in Sources */,
				5F428C9D1D690A250075FA6B /* HIDController.swift in Sources */,
				5FE124381D5FA4EC00C41BAC /* AppDelegate.swift in Sources */,
				5FCD334B1DD3B9F000815476 /* TargetSysyem.swift in Sources */,
				5F428C7F1D6886160075FA6B /* HPComponent.swift in Sources */,
				5F53F3BC1D6F94610077B2A0 /* PhysicsComponent.swift in Sources */,
				5F2F9F3B1D7328380016AA2F /* AISystem.swift in Sources */,
				5F428C8B1D68EC6C0075FA6B /* LevelSystem.swift in Sources */,
				5FE124451D5FA4ED00C41BAC /* SpaceScene.swift in Sources */,
				5F428C9B1D690A250075FA6B /* DSExtensions.swift in Sources */,
				5F35E8A12BE6322500EF3CA0 /* Core.swift in Sources */,
				5F53F3BA1D6F83570077B2A0 /* PhysicsSystem.swift in Sources */,
				5F428C811D688DB00075FA6B /* AIComponents.swift in Sources */,
				5F0F8B881E476E5B001EF757 /* PlanetarySystemData.swift in Sources */,
				5FEF36611DC68A4F00B52FB9 /* LootSystem.swift in Sources */,
				5FE124541D5FA81700C41BAC /* DiamondSquare.swift in Sources */,
				5FEFFC401DCF89C300685419 /* DamageSystem.swift in Sources */,
				5FFFB44E1DDD925300DAD69A /* HUDNode.swift in Sources */,
				5F0F8B861E476A1F001EF757 /* PlanetarySystem.swift in Sources */,
				5F6EECB01D776CA10089A0AB /* ProjectileFactory.swift in Sources */,
				5F039FB31DC6481100AC45C8 /* Sounds.swift in Sources */,
				5F6EECAC1D775C120089A0AB /* WeaponSystem.swift in Sources */,
				5FDF95CF1DBEA1DE009E11DA /* ProjectileSystem.swift in Sources */,
				5FE124461D5FA4ED00C41BAC /* General.swift in Sources */,
				5FD551061D7978AE0092A187 /* SpriteKitExtensions.swift in Sources */,
				5F428C851D68A4EC0075FA6B /* UnitFactory.swift in Sources */,
				5F440AD11F6D54220036189E /* GameState.swift in Sources */,
				5FE124421D5FA4ED00C41BAC /* Engine.swift in Sources */,
			);
			runOnlyForDeploymentPostprocessing = 0;
		};
/* End PBXSourcesBuildPhase section */

/* Begin PBXVariantGroup section */
		5FE1241F1D5FA4EC00C41BAC /* MainMenu.xib */ = {
			isa = PBXVariantGroup;
			children = (
				5FE124201D5FA4EC00C41BAC /* Base */,
			);
			name = MainMenu.xib;
			sourceTree = "<group>";
		};
/* End PBXVariantGroup section */

/* Begin XCBuildConfiguration section */
		5F9104A71D3BA19500C2C519 /* Debug */ = {
			isa = XCBuildConfiguration;
			buildSettings = {
				ALWAYS_SEARCH_USER_PATHS = NO;
				ASSETCATALOG_COMPILER_GENERATE_SWIFT_ASSET_SYMBOL_EXTENSIONS = YES;
				CLANG_ANALYZER_LOCALIZABILITY_NONLOCALIZED = YES;
				CLANG_ANALYZER_NONNULL = YES;
				CLANG_CXX_LANGUAGE_STANDARD = "gnu++0x";
				CLANG_CXX_LIBRARY = "libc++";
				CLANG_ENABLE_MODULES = YES;
				CLANG_ENABLE_OBJC_ARC = YES;
				CLANG_WARN_BLOCK_CAPTURE_AUTORELEASING = YES;
				CLANG_WARN_BOOL_CONVERSION = YES;
				CLANG_WARN_COMMA = YES;
				CLANG_WARN_CONSTANT_CONVERSION = YES;
				CLANG_WARN_DEPRECATED_OBJC_IMPLEMENTATIONS = YES;
				CLANG_WARN_DIRECT_OBJC_ISA_USAGE = YES_ERROR;
				CLANG_WARN_EMPTY_BODY = YES;
				CLANG_WARN_ENUM_CONVERSION = YES;
				CLANG_WARN_INFINITE_RECURSION = YES;
				CLANG_WARN_INT_CONVERSION = YES;
				CLANG_WARN_NON_LITERAL_NULL_CONVERSION = YES;
				CLANG_WARN_OBJC_IMPLICIT_RETAIN_SELF = YES;
				CLANG_WARN_OBJC_LITERAL_CONVERSION = YES;
				CLANG_WARN_OBJC_ROOT_CLASS = YES_ERROR;
				CLANG_WARN_QUOTED_INCLUDE_IN_FRAMEWORK_HEADER = YES;
				CLANG_WARN_RANGE_LOOP_ANALYSIS = YES;
				CLANG_WARN_STRICT_PROTOTYPES = YES;
				CLANG_WARN_SUSPICIOUS_MOVE = YES;
				CLANG_WARN_UNREACHABLE_CODE = YES;
				CLANG_WARN__DUPLICATE_METHOD_MATCH = YES;
				CODE_SIGN_IDENTITY = "-";
				COPY_PHASE_STRIP = NO;
				DEAD_CODE_STRIPPING = YES;
				DEBUG_INFORMATION_FORMAT = "dwarf-with-dsym";
				ENABLE_STRICT_OBJC_MSGSEND = YES;
				ENABLE_TESTABILITY = YES;
				ENABLE_USER_SCRIPT_SANDBOXING = YES;
				GCC_C_LANGUAGE_STANDARD = gnu99;
				GCC_DYNAMIC_NO_PIC = NO;
				GCC_NO_COMMON_BLOCKS = YES;
				GCC_OPTIMIZATION_LEVEL = 0;
				GCC_PREPROCESSOR_DEFINITIONS = (
					"DEBUG=1",
					"$(inherited)",
				);
				GCC_WARN_64_TO_32_BIT_CONVERSION = YES;
				GCC_WARN_ABOUT_RETURN_TYPE = YES_ERROR;
				GCC_WARN_UNDECLARED_SELECTOR = YES;
				GCC_WARN_UNINITIALIZED_AUTOS = YES_AGGRESSIVE;
				GCC_WARN_UNUSED_FUNCTION = YES;
				GCC_WARN_UNUSED_VARIABLE = YES;
				MACOSX_DEPLOYMENT_TARGET = 10.11;
				MTL_ENABLE_DEBUG_INFO = YES;
				ONLY_ACTIVE_ARCH = YES;
				SDKROOT = macosx;
				SWIFT_OPTIMIZATION_LEVEL = "-Onone";
				SWIFT_VERSION = 4.0;
			};
			name = Debug;
		};
		5F9104A81D3BA19500C2C519 /* Release */ = {
			isa = XCBuildConfiguration;
			buildSettings = {
				ALWAYS_SEARCH_USER_PATHS = NO;
				ASSETCATALOG_COMPILER_GENERATE_SWIFT_ASSET_SYMBOL_EXTENSIONS = YES;
				CLANG_ANALYZER_LOCALIZABILITY_NONLOCALIZED = YES;
				CLANG_ANALYZER_NONNULL = YES;
				CLANG_CXX_LANGUAGE_STANDARD = "gnu++0x";
				CLANG_CXX_LIBRARY = "libc++";
				CLANG_ENABLE_MODULES = YES;
				CLANG_ENABLE_OBJC_ARC = YES;
				CLANG_WARN_BLOCK_CAPTURE_AUTORELEASING = YES;
				CLANG_WARN_BOOL_CONVERSION = YES;
				CLANG_WARN_COMMA = YES;
				CLANG_WARN_CONSTANT_CONVERSION = YES;
				CLANG_WARN_DEPRECATED_OBJC_IMPLEMENTATIONS = YES;
				CLANG_WARN_DIRECT_OBJC_ISA_USAGE = YES_ERROR;
				CLANG_WARN_EMPTY_BODY = YES;
				CLANG_WARN_ENUM_CONVERSION = YES;
				CLANG_WARN_INFINITE_RECURSION = YES;
				CLANG_WARN_INT_CONVERSION = YES;
				CLANG_WARN_NON_LITERAL_NULL_CONVERSION = YES;
				CLANG_WARN_OBJC_IMPLICIT_RETAIN_SELF = YES;
				CLANG_WARN_OBJC_LITERAL_CONVERSION = YES;
				CLANG_WARN_OBJC_ROOT_CLASS = YES_ERROR;
				CLANG_WARN_QUOTED_INCLUDE_IN_FRAMEWORK_HEADER = YES;
				CLANG_WARN_RANGE_LOOP_ANALYSIS = YES;
				CLANG_WARN_STRICT_PROTOTYPES = YES;
				CLANG_WARN_SUSPICIOUS_MOVE = YES;
				CLANG_WARN_UNREACHABLE_CODE = YES;
				CLANG_WARN__DUPLICATE_METHOD_MATCH = YES;
				CODE_SIGN_IDENTITY = "-";
				COPY_PHASE_STRIP = NO;
				DEAD_CODE_STRIPPING = YES;
				DEBUG_INFORMATION_FORMAT = "dwarf-with-dsym";
				ENABLE_NS_ASSERTIONS = NO;
				ENABLE_STRICT_OBJC_MSGSEND = YES;
				ENABLE_USER_SCRIPT_SANDBOXING = YES;
				GCC_C_LANGUAGE_STANDARD = gnu99;
				GCC_NO_COMMON_BLOCKS = YES;
				GCC_WARN_64_TO_32_BIT_CONVERSION = YES;
				GCC_WARN_ABOUT_RETURN_TYPE = YES_ERROR;
				GCC_WARN_UNDECLARED_SELECTOR = YES;
				GCC_WARN_UNINITIALIZED_AUTOS = YES_AGGRESSIVE;
				GCC_WARN_UNUSED_FUNCTION = YES;
				GCC_WARN_UNUSED_VARIABLE = YES;
				MACOSX_DEPLOYMENT_TARGET = 10.11;
				MTL_ENABLE_DEBUG_INFO = NO;
				SDKROOT = macosx;
				SWIFT_COMPILATION_MODE = wholemodule;
				SWIFT_OPTIMIZATION_LEVEL = "-O";
				SWIFT_VERSION = 4.0;
			};
			name = Release;
		};
		5F9104AA1D3BA19500C2C519 /* Debug */ = {
			isa = XCBuildConfiguration;
			buildSettings = {
				ASSETCATALOG_COMPILER_APPICON_NAME = AppIcon;
				COMBINE_HIDPI_IMAGES = YES;
				DEAD_CODE_STRIPPING = YES;
				INFOPLIST_FILE = macOS/Info.plist;
				LD_RUNPATH_SEARCH_PATHS = (
					"$(inherited)",
					"@executable_path/../Frameworks",
				);
				MACOSX_DEPLOYMENT_TARGET = 14.0;
				PRODUCT_BUNDLE_IDENTIFIER = com.github.p0ed.FireTek;
				PRODUCT_NAME = "$(TARGET_NAME)";
				SWIFT_VERSION = 5.0;
			};
			name = Debug;
		};
		5F9104AB1D3BA19500C2C519 /* Release */ = {
			isa = XCBuildConfiguration;
			buildSettings = {
				ASSETCATALOG_COMPILER_APPICON_NAME = AppIcon;
				COMBINE_HIDPI_IMAGES = YES;
				DEAD_CODE_STRIPPING = YES;
				GCC_OPTIMIZATION_LEVEL = 0;
				INFOPLIST_FILE = macOS/Info.plist;
				LD_RUNPATH_SEARCH_PATHS = (
					"$(inherited)",
					"@executable_path/../Frameworks",
				);
				MACOSX_DEPLOYMENT_TARGET = 14.0;
				PRODUCT_BUNDLE_IDENTIFIER = com.github.p0ed.FireTek;
				PRODUCT_NAME = "$(TARGET_NAME)";
				SWIFT_COMPILATION_MODE = wholemodule;
				SWIFT_OPTIMIZATION_LEVEL = "-O";
				SWIFT_VERSION = 5.0;
			};
			name = Release;
		};
/* End XCBuildConfiguration section */

/* Begin XCConfigurationList section */
		5F9104931D3BA19500C2C519 /* Build configuration list for PBXProject "FireTek" */ = {
			isa = XCConfigurationList;
			buildConfigurations = (
				5F9104A71D3BA19500C2C519 /* Debug */,
				5F9104A81D3BA19500C2C519 /* Release */,
			);
			defaultConfigurationIsVisible = 0;
			defaultConfigurationName = Release;
		};
		5F9104A91D3BA19500C2C519 /* Build configuration list for PBXNativeTarget "FireTek" */ = {
			isa = XCConfigurationList;
			buildConfigurations = (
				5F9104AA1D3BA19500C2C519 /* Debug */,
				5F9104AB1D3BA19500C2C519 /* Release */,
			);
			defaultConfigurationIsVisible = 0;
			defaultConfigurationName = Release;
		};
/* End XCConfigurationList section */

/* Begin XCRemoteSwiftPackageReference section */
		5F35E89B2BE50A3E00EF3CA0 /* XCRemoteSwiftPackageReference "Fx" */ = {
			isa = XCRemoteSwiftPackageReference;
			repositoryURL = "https://github.com/P0ed/Fx";
			requirement = {
				branch = master;
				kind = branch;
			};
		};
/* End XCRemoteSwiftPackageReference section */

/* Begin XCSwiftPackageProductDependency section */
		5F35E89C2BE50A3E00EF3CA0 /* Fx */ = {
			isa = XCSwiftPackageProductDependency;
			package = 5F35E89B2BE50A3E00EF3CA0 /* XCRemoteSwiftPackageReference "Fx" */;
			productName = Fx;
		};
/* End XCSwiftPackageProductDependency section */
	};
	rootObject = 5F9104901D3BA19500C2C519 /* Project object */;
}
