// !$*UTF8*$!
{
	archiveVersion = 1;
	classes = {
	};
	objectVersion = 46;
	objects = {

/* Begin PBXBuildFile section */
		5F91049C1D3BA19500C2C519 /* AppDelegate.swift in Sources */ = {isa = PBXBuildFile; fileRef = 5F91049B1D3BA19500C2C519 /* AppDelegate.swift */; };
		5F91049E1D3BA19500C2C519 /* GameScene.swift in Sources */ = {isa = PBXBuildFile; fileRef = 5F91049D1D3BA19500C2C519 /* GameScene.swift */; };
		5F9104A01D3BA19500C2C519 /* GameScene.sks in Resources */ = {isa = PBXBuildFile; fileRef = 5F91049F1D3BA19500C2C519 /* GameScene.sks */; };
		5F9104A21D3BA19500C2C519 /* Assets.xcassets in Resources */ = {isa = PBXBuildFile; fileRef = 5F9104A11D3BA19500C2C519 /* Assets.xcassets */; };
		5F9104A51D3BA19500C2C519 /* MainMenu.xib in Resources */ = {isa = PBXBuildFile; fileRef = 5F9104A31D3BA19500C2C519 /* MainMenu.xib */; };
		5FB51C511D586F8C00F9FFA4 /* Engine.swift in Sources */ = {isa = PBXBuildFile; fileRef = 5FB51C501D586F8C00F9FFA4 /* Engine.swift */; };
		5FB51C531D586FB900F9FFA4 /* Store.swift in Sources */ = {isa = PBXBuildFile; fileRef = 5FB51C521D586FB900F9FFA4 /* Store.swift */; };
		5FB51C551D587D7100F9FFA4 /* Cartfile in Resources */ = {isa = PBXBuildFile; fileRef = 5FB51C541D587D7100F9FFA4 /* Cartfile */; };
		5FB51C581D587DFB00F9FFA4 /* General.swift in Sources */ = {isa = PBXBuildFile; fileRef = 5FB51C571D587DFB00F9FFA4 /* General.swift */; };
		5FD28A551D5A6AF300BAFC0F /* Entity.swift in Sources */ = {isa = PBXBuildFile; fileRef = 5FD28A541D5A6AF300BAFC0F /* Entity.swift */; };
		5FD28A571D5B091E00BAFC0F /* File.md in Resources */ = {isa = PBXBuildFile; fileRef = 5FD28A561D5B091E00BAFC0F /* File.md */; };
/* End PBXBuildFile section */

/* Begin PBXFileReference section */
		5F9104981D3BA19500C2C519 /* FireTek.app */ = {isa = PBXFileReference; explicitFileType = wrapper.application; includeInIndex = 0; path = FireTek.app; sourceTree = BUILT_PRODUCTS_DIR; };
		5F91049B1D3BA19500C2C519 /* AppDelegate.swift */ = {isa = PBXFileReference; lastKnownFileType = sourcecode.swift; path = AppDelegate.swift; sourceTree = "<group>"; };
		5F91049D1D3BA19500C2C519 /* GameScene.swift */ = {isa = PBXFileReference; lastKnownFileType = sourcecode.swift; path = GameScene.swift; sourceTree = "<group>"; };
		5F91049F1D3BA19500C2C519 /* GameScene.sks */ = {isa = PBXFileReference; lastKnownFileType = file.sks; path = GameScene.sks; sourceTree = "<group>"; };
		5F9104A11D3BA19500C2C519 /* Assets.xcassets */ = {isa = PBXFileReference; lastKnownFileType = folder.assetcatalog; path = Assets.xcassets; sourceTree = "<group>"; };
		5F9104A41D3BA19500C2C519 /* Base */ = {isa = PBXFileReference; lastKnownFileType = file.xib; name = Base; path = Base.lproj/MainMenu.xib; sourceTree = "<group>"; };
		5F9104A61D3BA19500C2C519 /* Info.plist */ = {isa = PBXFileReference; lastKnownFileType = text.plist.xml; path = Info.plist; sourceTree = "<group>"; };
		5FB51C501D586F8C00F9FFA4 /* Engine.swift */ = {isa = PBXFileReference; fileEncoding = 4; lastKnownFileType = sourcecode.swift; path = Engine.swift; sourceTree = "<group>"; };
		5FB51C521D586FB900F9FFA4 /* Store.swift */ = {isa = PBXFileReference; fileEncoding = 4; lastKnownFileType = sourcecode.swift; path = Store.swift; sourceTree = "<group>"; };
		5FB51C541D587D7100F9FFA4 /* Cartfile */ = {isa = PBXFileReference; fileEncoding = 4; lastKnownFileType = text; path = Cartfile; sourceTree = "<group>"; };
		5FB51C571D587DFB00F9FFA4 /* General.swift */ = {isa = PBXFileReference; fileEncoding = 4; lastKnownFileType = sourcecode.swift; path = General.swift; sourceTree = "<group>"; };
		5FD28A541D5A6AF300BAFC0F /* Entity.swift */ = {isa = PBXFileReference; fileEncoding = 4; lastKnownFileType = sourcecode.swift; path = Entity.swift; sourceTree = "<group>"; };
		5FD28A561D5B091E00BAFC0F /* File.md */ = {isa = PBXFileReference; fileEncoding = 4; lastKnownFileType = net.daringfireball.markdown; path = File.md; sourceTree = "<group>"; };
/* End PBXFileReference section */

/* Begin PBXFrameworksBuildPhase section */
		5F9104951D3BA19500C2C519 /* Frameworks */ = {
			isa = PBXFrameworksBuildPhase;
			buildActionMask = 2147483647;
			files = (
			);
			runOnlyForDeploymentPostprocessing = 0;
		};
/* End PBXFrameworksBuildPhase section */

/* Begin PBXGroup section */
		5F91048F1D3BA19500C2C519 = {
			isa = PBXGroup;
			children = (
				5FD28A561D5B091E00BAFC0F /* File.md */,
				5FB51C541D587D7100F9FFA4 /* Cartfile */,
				5F91049A1D3BA19500C2C519 /* FireTek */,
				5F9104991D3BA19500C2C519 /* Products */,
			);
			sourceTree = "<group>";
		};
		5F9104991D3BA19500C2C519 /* Products */ = {
			isa = PBXGroup;
			children = (
				5F9104981D3BA19500C2C519 /* FireTek.app */,
			);
			name = Products;
			sourceTree = "<group>";
		};
		5F91049A1D3BA19500C2C519 /* FireTek */ = {
			isa = PBXGroup;
			children = (
				5FB51C561D587DED00F9FFA4 /* Utilities */,
				5FB51C4F1D586F8300F9FFA4 /* Engine */,
				5F91049B1D3BA19500C2C519 /* AppDelegate.swift */,
				5F91049D1D3BA19500C2C519 /* GameScene.swift */,
				5F91049F1D3BA19500C2C519 /* GameScene.sks */,
				5F9104A11D3BA19500C2C519 /* Assets.xcassets */,
				5F9104A31D3BA19500C2C519 /* MainMenu.xib */,
				5F9104A61D3BA19500C2C519 /* Info.plist */,
			);
			path = FireTek;
			sourceTree = "<group>";
		};
		5FB51C4F1D586F8300F9FFA4 /* Engine */ = {
			isa = PBXGroup;
			children = (
				5FB51C501D586F8C00F9FFA4 /* Engine.swift */,
				5FB51C521D586FB900F9FFA4 /* Store.swift */,
				5FD28A541D5A6AF300BAFC0F /* Entity.swift */,
			);
			name = Engine;
			sourceTree = "<group>";
		};
		5FB51C561D587DED00F9FFA4 /* Utilities */ = {
			isa = PBXGroup;
			children = (
				5FB51C571D587DFB00F9FFA4 /* General.swift */,
			);
			name = Utilities;
			sourceTree = "<group>";
		};
/* End PBXGroup section */

/* Begin PBXNativeTarget section */
		5F9104971D3BA19500C2C519 /* FireTek */ = {
			isa = PBXNativeTarget;
			buildConfigurationList = 5F9104A91D3BA19500C2C519 /* Build configuration list for PBXNativeTarget "FireTek" */;
			buildPhases = (
				5F9104941D3BA19500C2C519 /* Sources */,
				5F9104951D3BA19500C2C519 /* Frameworks */,
				5F9104961D3BA19500C2C519 /* Resources */,
			);
			buildRules = (
			);
			dependencies = (
			);
			name = FireTek;
			productName = FireTek;
			productReference = 5F9104981D3BA19500C2C519 /* FireTek.app */;
			productType = "com.apple.product-type.application";
		};
/* End PBXNativeTarget section */

/* Begin PBXProject section */
		5F9104901D3BA19500C2C519 /* Project object */ = {
			isa = PBXProject;
			attributes = {
				LastSwiftUpdateCheck = 0730;
				LastUpgradeCheck = 0730;
				ORGANIZATIONNAME = P0ed;
				TargetAttributes = {
					5F9104971D3BA19500C2C519 = {
						CreatedOnToolsVersion = 7.3.1;
					};
				};
			};
			buildConfigurationList = 5F9104931D3BA19500C2C519 /* Build configuration list for PBXProject "FireTek" */;
			compatibilityVersion = "Xcode 3.2";
			developmentRegion = English;
			hasScannedForEncodings = 0;
			knownRegions = (
				en,
				Base,
			);
			mainGroup = 5F91048F1D3BA19500C2C519;
			productRefGroup = 5F9104991D3BA19500C2C519 /* Products */;
			projectDirPath = "";
			projectRoot = "";
			targets = (
				5F9104971D3BA19500C2C519 /* FireTek */,
			);
		};
/* End PBXProject section */

/* Begin PBXResourcesBuildPhase section */
		5F9104961D3BA19500C2C519 /* Resources */ = {
			isa = PBXResourcesBuildPhase;
			buildActionMask = 2147483647;
			files = (
				5F9104A21D3BA19500C2C519 /* Assets.xcassets in Resources */,
				5F9104A01D3BA19500C2C519 /* GameScene.sks in Resources */,
				5FB51C551D587D7100F9FFA4 /* Cartfile in Resources */,
				5F9104A51D3BA19500C2C519 /* MainMenu.xib in Resources */,
				5FD28A571D5B091E00BAFC0F /* File.md in Resources */,
			);
			runOnlyForDeploymentPostprocessing = 0;
		};
/* End PBXResourcesBuildPhase section */

/* Begin PBXSourcesBuildPhase section */
		5F9104941D3BA19500C2C519 /* Sources */ = {
			isa = PBXSourcesBuildPhase;
			buildActionMask = 2147483647;
			files = (
				5F91049E1D3BA19500C2C519 /* GameScene.swift in Sources */,
				5FB51C511D586F8C00F9FFA4 /* Engine.swift in Sources */,
				5FD28A551D5A6AF300BAFC0F /* Entity.swift in Sources */,
				5F91049C1D3BA19500C2C519 /* AppDelegate.swift in Sources */,
				5FB51C531D586FB900F9FFA4 /* Store.swift in Sources */,
				5FB51C581D587DFB00F9FFA4 /* General.swift in Sources */,
			);
			runOnlyForDeploymentPostprocessing = 0;
		};
/* End PBXSourcesBuildPhase section */

/* Begin PBXVariantGroup section */
		5F9104A31D3BA19500C2C519 /* MainMenu.xib */ = {
			isa = PBXVariantGroup;
			children = (
				5F9104A41D3BA19500C2C519 /* Base */,
			);
			name = MainMenu.xib;
			sourceTree = "<group>";
		};
/* End PBXVariantGroup section */

/* Begin XCBuildConfiguration section */
		5F9104A71D3BA19500C2C519 /* Debug */ = {
			isa = XCBuildConfiguration;
			buildSettings = {
				ALWAYS_SEARCH_USER_PATHS = NO;
				CLANG_ANALYZER_NONNULL = YES;
				CLANG_CXX_LANGUAGE_STANDARD = "gnu++0x";
				CLANG_CXX_LIBRARY = "libc++";
				CLANG_ENABLE_MODULES = YES;
				CLANG_ENABLE_OBJC_ARC = YES;
				CLANG_WARN_BOOL_CONVERSION = YES;
				CLANG_WARN_CONSTANT_CONVERSION = YES;
				CLANG_WARN_DIRECT_OBJC_ISA_USAGE = YES_ERROR;
				CLANG_WARN_EMPTY_BODY = YES;
				CLANG_WARN_ENUM_CONVERSION = YES;
				CLANG_WARN_INT_CONVERSION = YES;
				CLANG_WARN_OBJC_ROOT_CLASS = YES_ERROR;
				CLANG_WARN_UNREACHABLE_CODE = YES;
				CLANG_WARN__DUPLICATE_METHOD_MATCH = YES;
				CODE_SIGN_IDENTITY = "-";
				COPY_PHASE_STRIP = NO;
				DEBUG_INFORMATION_FORMAT = "dwarf-with-dsym";
				ENABLE_STRICT_OBJC_MSGSEND = YES;
				ENABLE_TESTABILITY = YES;
				GCC_C_LANGUAGE_STANDARD = gnu99;
				GCC_DYNAMIC_NO_PIC = NO;
				GCC_NO_COMMON_BLOCKS = YES;
				GCC_OPTIMIZATION_LEVEL = 0;
				GCC_PREPROCESSOR_DEFINITIONS = (
					"DEBUG=1",
					"$(inherited)",
				);
				GCC_WARN_64_TO_32_BIT_CONVERSION = YES;
				GCC_WARN_ABOUT_RETURN_TYPE = YES_ERROR;
				GCC_WARN_UNDECLARED_SELECTOR = YES;
				GCC_WARN_UNINITIALIZED_AUTOS = YES_AGGRESSIVE;
				GCC_WARN_UNUSED_FUNCTION = YES;
				GCC_WARN_UNUSED_VARIABLE = YES;
				MACOSX_DEPLOYMENT_TARGET = 10.11;
				MTL_ENABLE_DEBUG_INFO = YES;
				ONLY_ACTIVE_ARCH = YES;
				SDKROOT = macosx;
				SWIFT_OPTIMIZATION_LEVEL = "-Onone";
			};
			name = Debug;
		};
		5F9104A81D3BA19500C2C519 /* Release */ = {
			isa = XCBuildConfiguration;
			buildSettings = {
				ALWAYS_SEARCH_USER_PATHS = NO;
				CLANG_ANALYZER_NONNULL = YES;
				CLANG_CXX_LANGUAGE_STANDARD = "gnu++0x";
				CLANG_CXX_LIBRARY = "libc++";
				CLANG_ENABLE_MODULES = YES;
				CLANG_ENABLE_OBJC_ARC = YES;
				CLANG_WARN_BOOL_CONVERSION = YES;
				CLANG_WARN_CONSTANT_CONVERSION = YES;
				CLANG_WARN_DIRECT_OBJC_ISA_USAGE = YES_ERROR;
				CLANG_WARN_EMPTY_BODY = YES;
				CLANG_WARN_ENUM_CONVERSION = YES;
				CLANG_WARN_INT_CONVERSION = YES;
				CLANG_WARN_OBJC_ROOT_CLASS = YES_ERROR;
				CLANG_WARN_UNREACHABLE_CODE = YES;
				CLANG_WARN__DUPLICATE_METHOD_MATCH = YES;
				CODE_SIGN_IDENTITY = "-";
				COPY_PHASE_STRIP = NO;
				DEBUG_INFORMATION_FORMAT = "dwarf-with-dsym";
				ENABLE_NS_ASSERTIONS = NO;
				ENABLE_STRICT_OBJC_MSGSEND = YES;
				GCC_C_LANGUAGE_STANDARD = gnu99;
				GCC_NO_COMMON_BLOCKS = YES;
				GCC_WARN_64_TO_32_BIT_CONVERSION = YES;
				GCC_WARN_ABOUT_RETURN_TYPE = YES_ERROR;
				GCC_WARN_UNDECLARED_SELECTOR = YES;
				GCC_WARN_UNINITIALIZED_AUTOS = YES_AGGRESSIVE;
				GCC_WARN_UNUSED_FUNCTION = YES;
				GCC_WARN_UNUSED_VARIABLE = YES;
				MACOSX_DEPLOYMENT_TARGET = 10.11;
				MTL_ENABLE_DEBUG_INFO = NO;
				SDKROOT = macosx;
			};
			name = Release;
		};
		5F9104AA1D3BA19500C2C519 /* Debug */ = {
			isa = XCBuildConfiguration;
			buildSettings = {
				ASSETCATALOG_COMPILER_APPICON_NAME = AppIcon;
				COMBINE_HIDPI_IMAGES = YES;
				INFOPLIST_FILE = FireTek/Info.plist;
				LD_RUNPATH_SEARCH_PATHS = "$(inherited) @executable_path/../Frameworks";
				PRODUCT_BUNDLE_IDENTIFIER = com.github.p0ed.FireTek;
				PRODUCT_NAME = "$(TARGET_NAME)";
			};
			name = Debug;
		};
		5F9104AB1D3BA19500C2C519 /* Release */ = {
			isa = XCBuildConfiguration;
			buildSettings = {
				ASSETCATALOG_COMPILER_APPICON_NAME = AppIcon;
				COMBINE_HIDPI_IMAGES = YES;
				INFOPLIST_FILE = FireTek/Info.plist;
				LD_RUNPATH_SEARCH_PATHS = "$(inherited) @executable_path/../Frameworks";
				PRODUCT_BUNDLE_IDENTIFIER = com.github.p0ed.FireTek;
				PRODUCT_NAME = "$(TARGET_NAME)";
			};
			name = Release;
		};
/* End XCBuildConfiguration section */

/* Begin XCConfigurationList section */
		5F9104931D3BA19500C2C519 /* Build configuration list for PBXProject "FireTek" */ = {
			isa = XCConfigurationList;
			buildConfigurations = (
				5F9104A71D3BA19500C2C519 /* Debug */,
				5F9104A81D3BA19500C2C519 /* Release */,
			);
			defaultConfigurationIsVisible = 0;
			defaultConfigurationName = Release;
		};
		5F9104A91D3BA19500C2C519 /* Build configuration list for PBXNativeTarget "FireTek" */ = {
			isa = XCConfigurationList;
			buildConfigurations = (
				5F9104AA1D3BA19500C2C519 /* Debug */,
				5F9104AB1D3BA19500C2C519 /* Release */,
			);
			defaultConfigurationIsVisible = 0;
			defaultConfigurationName = Release;
		};
/* End XCConfigurationList section */
	};
	rootObject = 5F9104901D3BA19500C2C519 /* Project object */;
}
